{
  "version": 4,
  "terraform_version": "1.6.6",
  "serial": 242,
  "lineage": "ed924e10-d88e-f3ee-e88e-0d762e056b74",
  "outputs": {},
  "resources": [
    {
      "mode": "data",
      "type": "aws_caller_identity",
      "name": "current",
      "provider": "provider[\"registry.terraform.io/hashicorp/aws\"]",
      "instances": [
        {
          "schema_version": 0,
          "attributes": {
            "account_id": "332745928618",
            "arn": "arn:aws:sts::332745928618:assumed-role/AWSReservedSSO_databricks-sandbox-admin_cb35520eb3ee11c2/andrew.tolbert@databricks.com",
            "id": "332745928618",
            "user_id": "AROAU26JT56VA37RZQBMB:andrew.tolbert@databricks.com"
          },
          "sensitive_attributes": []
        }
      ]
    },
    {
      "mode": "data",
      "type": "databricks_service_principal",
      "name": "admin_service_principal",
      "provider": "provider[\"registry.terraform.io/databricks/databricks\"].mws",
      "instances": [
        {
          "schema_version": 0,
          "attributes": {
            "acl_principal_id": "servicePrincipals/e79bf1d7-30d6-4a52-a237-bd5c1034b4c8",
            "active": true,
            "application_id": "e79bf1d7-30d6-4a52-a237-bd5c1034b4c8",
            "display_name": "ahtsa_tf",
            "external_id": null,
            "home": "/Users/e79bf1d7-30d6-4a52-a237-bd5c1034b4c8",
            "id": "7204893775043969",
            "repos": "/Repos/e79bf1d7-30d6-4a52-a237-bd5c1034b4c8",
            "sp_id": "7204893775043969"
          },
          "sensitive_attributes": []
        }
      ]
    },
    {
      "mode": "managed",
      "type": "databricks_group",
      "name": "admin_group",
      "provider": "provider[\"registry.terraform.io/databricks/databricks\"].mws",
      "instances": [
        {
          "schema_version": 0,
          "attributes": {
            "acl_principal_id": "groups/aht-demo-modularized-swamp-donks",
            "allow_cluster_create": false,
            "allow_instance_pool_create": false,
            "databricks_sql_access": false,
            "display_name": "aht-demo-modularized-swamp-donks",
            "external_id": "",
            "force": null,
            "id": "999819088708853",
            "url": "https://accounts.cloud.databricks.com/users/groups/999819088708853/information",
            "workspace_access": false
          },
          "sensitive_attributes": [],
          "private": "bnVsbA=="
        }
      ]
    },
    {
      "mode": "managed",
      "type": "databricks_group",
      "name": "users",
      "provider": "provider[\"registry.terraform.io/databricks/databricks\"].mws",
      "instances": [
        {
          "schema_version": 0,
          "attributes": {
            "acl_principal_id": "groups/aht-demo-modularized-workspace-users",
            "allow_cluster_create": false,
            "allow_instance_pool_create": false,
            "databricks_sql_access": false,
            "display_name": "aht-demo-modularized-workspace-users",
            "external_id": "",
            "force": null,
            "id": "1065659811969176",
            "url": "https://accounts.cloud.databricks.com/users/groups/1065659811969176/information",
            "workspace_access": false
          },
          "sensitive_attributes": [],
          "private": "bnVsbA==",
          "dependencies": [
            "databricks_group.admin_group"
          ]
        }
      ]
    },
    {
      "mode": "managed",
      "type": "databricks_group_member",
      "name": "admin_group_member",
      "provider": "provider[\"registry.terraform.io/databricks/databricks\"].mws",
      "instances": [
        {
          "index_key": "andrew.tolbert@databricks.com",
          "schema_version": 0,
          "attributes": {
            "group_id": "999819088708853",
            "id": "999819088708853|8743671388147187",
            "member_id": "8743671388147187"
          },
          "sensitive_attributes": [],
          "private": "bnVsbA==",
          "dependencies": [
            "databricks_group.admin_group",
            "databricks_user.unity_users"
          ]
        },
        {
          "index_key": "justin.kolpak@databricks.com",
          "schema_version": 0,
          "attributes": {
            "group_id": "999819088708853",
            "id": "999819088708853|3706053288042151",
            "member_id": "3706053288042151"
          },
          "sensitive_attributes": [],
          "private": "bnVsbA==",
          "dependencies": [
            "databricks_group.admin_group",
            "databricks_user.unity_users"
          ]
        }
      ]
    },
    {
      "mode": "managed",
      "type": "databricks_group_member",
      "name": "my_service_principal",
      "provider": "provider[\"registry.terraform.io/databricks/databricks\"].mws",
      "instances": [
        {
          "schema_version": 0,
          "attributes": {
            "group_id": "999819088708853",
            "id": "999819088708853|7204893775043969",
            "member_id": "7204893775043969"
          },
          "sensitive_attributes": [],
          "private": "bnVsbA==",
          "dependencies": [
            "data.databricks_service_principal.admin_service_principal",
            "databricks_group.admin_group"
          ]
        }
      ]
    },
    {
      "mode": "managed",
      "type": "databricks_group_member",
      "name": "users_group_members",
      "provider": "provider[\"registry.terraform.io/databricks/databricks\"].mws",
      "instances": [
        {
          "index_key": "andrew.tolbert@databricks.com",
          "schema_version": 0,
          "attributes": {
            "group_id": "1065659811969176",
            "id": "1065659811969176|8743671388147187",
            "member_id": "8743671388147187"
          },
          "sensitive_attributes": [],
          "private": "bnVsbA==",
          "dependencies": [
            "databricks_group.admin_group",
            "databricks_group.users",
            "databricks_user.unity_users"
          ]
        },
        {
          "index_key": "justin.kolpak@databricks.com",
          "schema_version": 0,
          "attributes": {
            "group_id": "1065659811969176",
            "id": "1065659811969176|3706053288042151",
            "member_id": "3706053288042151"
          },
          "sensitive_attributes": [],
          "private": "bnVsbA==",
          "dependencies": [
            "databricks_group.admin_group",
            "databricks_group.users",
            "databricks_user.unity_users"
          ]
        },
        {
          "index_key": "logan.rupert@databricks.com",
          "schema_version": 0,
          "attributes": {
            "group_id": "1065659811969176",
            "id": "1065659811969176|4948013063791781",
            "member_id": "4948013063791781"
          },
          "sensitive_attributes": [],
          "private": "bnVsbA==",
          "dependencies": [
            "databricks_group.admin_group",
            "databricks_group.users",
            "databricks_user.unity_users"
          ]
        }
      ]
    },
    {
      "mode": "managed",
      "type": "databricks_mws_permission_assignment",
      "name": "add_admin_group",
      "provider": "provider[\"registry.terraform.io/databricks/databricks\"].mws",
      "instances": [
        {
          "schema_version": 0,
          "attributes": {
            "id": "4999017974145740|999819088708853",
            "permissions": [
              "ADMIN"
            ],
            "principal_id": 999819088708853,
            "workspace_id": 4999017974145740
          },
          "sensitive_attributes": [],
          "private": "bnVsbA==",
          "dependencies": [
            "databricks_group.admin_group",
            "module.aws_base.aws_iam_role.cross_account_role",
            "module.aws_base.aws_iam_role_policy.this",
            "module.aws_base.aws_s3_bucket.root_storage_bucket",
            "module.aws_base.aws_s3_bucket_policy.root_bucket_policy",
            "module.aws_base.aws_s3_bucket_public_access_block.root_storage_bucket",
            "module.aws_base.aws_s3_bucket_server_side_encryption_configuration.root_storage_bucket",
            "module.aws_base.aws_s3_bucket_versioning.versioning_example",
            "module.aws_base.data.aws_availability_zones.available",
            "module.aws_base.data.databricks_aws_assume_role_policy.this",
            "module.aws_base.data.databricks_aws_bucket_policy.this",
            "module.aws_base.data.databricks_aws_crossaccount_policy.this",
            "module.aws_base.module.vpc.aws_cloudwatch_log_group.flow_log",
            "module.aws_base.module.vpc.aws_customer_gateway.this",
            "module.aws_base.module.vpc.aws_db_subnet_group.database",
            "module.aws_base.module.vpc.aws_default_network_acl.this",
            "module.aws_base.module.vpc.aws_default_route_table.default",
            "module.aws_base.module.vpc.aws_default_security_group.this",
            "module.aws_base.module.vpc.aws_default_vpc.this",
            "module.aws_base.module.vpc.aws_egress_only_internet_gateway.this",
            "module.aws_base.module.vpc.aws_eip.nat",
            "module.aws_base.module.vpc.aws_elasticache_subnet_group.elasticache",
            "module.aws_base.module.vpc.aws_flow_log.this",
            "module.aws_base.module.vpc.aws_iam_policy.vpc_flow_log_cloudwatch",
            "module.aws_base.module.vpc.aws_iam_role.vpc_flow_log_cloudwatch",
            "module.aws_base.module.vpc.aws_iam_role_policy_attachment.vpc_flow_log_cloudwatch",
            "module.aws_base.module.vpc.aws_internet_gateway.this",
            "module.aws_base.module.vpc.aws_nat_gateway.this",
            "module.aws_base.module.vpc.aws_network_acl.database",
            "module.aws_base.module.vpc.aws_network_acl.elasticache",
            "module.aws_base.module.vpc.aws_network_acl.intra",
            "module.aws_base.module.vpc.aws_network_acl.outpost",
            "module.aws_base.module.vpc.aws_network_acl.private",
            "module.aws_base.module.vpc.aws_network_acl.public",
            "module.aws_base.module.vpc.aws_network_acl.redshift",
            "module.aws_base.module.vpc.aws_network_acl_rule.database_inbound",
            "module.aws_base.module.vpc.aws_network_acl_rule.database_outbound",
            "module.aws_base.module.vpc.aws_network_acl_rule.elasticache_inbound",
            "module.aws_base.module.vpc.aws_network_acl_rule.elasticache_outbound",
            "module.aws_base.module.vpc.aws_network_acl_rule.intra_inbound",
            "module.aws_base.module.vpc.aws_network_acl_rule.intra_outbound",
            "module.aws_base.module.vpc.aws_network_acl_rule.outpost_inbound",
            "module.aws_base.module.vpc.aws_network_acl_rule.outpost_outbound",
            "module.aws_base.module.vpc.aws_network_acl_rule.private_inbound",
            "module.aws_base.module.vpc.aws_network_acl_rule.private_outbound",
            "module.aws_base.module.vpc.aws_network_acl_rule.public_inbound",
            "module.aws_base.module.vpc.aws_network_acl_rule.public_outbound",
            "module.aws_base.module.vpc.aws_network_acl_rule.redshift_inbound",
            "module.aws_base.module.vpc.aws_network_acl_rule.redshift_outbound",
            "module.aws_base.module.vpc.aws_redshift_subnet_group.redshift",
            "module.aws_base.module.vpc.aws_route.database_internet_gateway",
            "module.aws_base.module.vpc.aws_route.database_ipv6_egress",
            "module.aws_base.module.vpc.aws_route.database_nat_gateway",
            "module.aws_base.module.vpc.aws_route.private_ipv6_egress",
            "module.aws_base.module.vpc.aws_route.private_nat_gateway",
            "module.aws_base.module.vpc.aws_route.public_internet_gateway",
            "module.aws_base.module.vpc.aws_route.public_internet_gateway_ipv6",
            "module.aws_base.module.vpc.aws_route_table.database",
            "module.aws_base.module.vpc.aws_route_table.elasticache",
            "module.aws_base.module.vpc.aws_route_table.intra",
            "module.aws_base.module.vpc.aws_route_table.private",
            "module.aws_base.module.vpc.aws_route_table.public",
            "module.aws_base.module.vpc.aws_route_table.redshift",
            "module.aws_base.module.vpc.aws_route_table_association.database",
            "module.aws_base.module.vpc.aws_route_table_association.elasticache",
            "module.aws_base.module.vpc.aws_route_table_association.intra",
            "module.aws_base.module.vpc.aws_route_table_association.outpost",
            "module.aws_base.module.vpc.aws_route_table_association.private",
            "module.aws_base.module.vpc.aws_route_table_association.public",
            "module.aws_base.module.vpc.aws_route_table_association.redshift",
            "module.aws_base.module.vpc.aws_route_table_association.redshift_public",
            "module.aws_base.module.vpc.aws_subnet.database",
            "module.aws_base.module.vpc.aws_subnet.elasticache",
            "module.aws_base.module.vpc.aws_subnet.intra",
            "module.aws_base.module.vpc.aws_subnet.outpost",
            "module.aws_base.module.vpc.aws_subnet.private",
            "module.aws_base.module.vpc.aws_subnet.public",
            "module.aws_base.module.vpc.aws_subnet.redshift",
            "module.aws_base.module.vpc.aws_vpc.this",
            "module.aws_base.module.vpc.aws_vpc_dhcp_options.this",
            "module.aws_base.module.vpc.aws_vpc_dhcp_options_association.this",
            "module.aws_base.module.vpc.aws_vpc_ipv4_cidr_block_association.this",
            "module.aws_base.module.vpc.aws_vpn_gateway.this",
            "module.aws_base.module.vpc.aws_vpn_gateway_attachment.this",
            "module.aws_base.module.vpc.aws_vpn_gateway_route_propagation.intra",
            "module.aws_base.module.vpc.aws_vpn_gateway_route_propagation.private",
            "module.aws_base.module.vpc.aws_vpn_gateway_route_propagation.public",
            "module.aws_base.module.vpc.data.aws_iam_policy_document.flow_log_cloudwatch_assume_role",
            "module.aws_base.module.vpc.data.aws_iam_policy_document.vpc_flow_log_cloudwatch",
            "module.aws_base.module.vpc_endpoints.aws_vpc_endpoint.this",
            "module.aws_base.module.vpc_endpoints.data.aws_vpc_endpoint_service.this",
            "module.databricks_workspace.databricks_mws_credentials.this",
            "module.databricks_workspace.databricks_mws_networks.this",
            "module.databricks_workspace.databricks_mws_storage_configurations.this",
            "module.databricks_workspace.databricks_mws_workspaces.this",
            "module.unity_catalog.databricks_metastore.this",
            "module.unity_catalog.databricks_metastore_assignment.default_metastore",
            "module.unity_catalog.time_sleep.wait_role_creation",
            "time_sleep.wait",
            "time_sleep.wait_for_permission_apis"
          ]
        }
      ]
    },
    {
      "mode": "managed",
      "type": "databricks_mws_permission_assignment",
      "name": "add_user_group",
      "provider": "provider[\"registry.terraform.io/databricks/databricks\"].mws",
      "instances": [
        {
          "schema_version": 0,
          "attributes": {
            "id": "4999017974145740|1065659811969176",
            "permissions": [
              "USER"
            ],
            "principal_id": 1065659811969176,
            "workspace_id": 4999017974145740
          },
          "sensitive_attributes": [],
          "private": "bnVsbA==",
          "dependencies": [
            "databricks_group.admin_group",
            "databricks_group.users",
            "module.aws_base.aws_iam_role.cross_account_role",
            "module.aws_base.aws_iam_role_policy.this",
            "module.aws_base.aws_s3_bucket.root_storage_bucket",
            "module.aws_base.aws_s3_bucket_policy.root_bucket_policy",
            "module.aws_base.aws_s3_bucket_public_access_block.root_storage_bucket",
            "module.aws_base.aws_s3_bucket_server_side_encryption_configuration.root_storage_bucket",
            "module.aws_base.aws_s3_bucket_versioning.versioning_example",
            "module.aws_base.data.aws_availability_zones.available",
            "module.aws_base.data.databricks_aws_assume_role_policy.this",
            "module.aws_base.data.databricks_aws_bucket_policy.this",
            "module.aws_base.data.databricks_aws_crossaccount_policy.this",
            "module.aws_base.module.vpc.aws_cloudwatch_log_group.flow_log",
            "module.aws_base.module.vpc.aws_customer_gateway.this",
            "module.aws_base.module.vpc.aws_db_subnet_group.database",
            "module.aws_base.module.vpc.aws_default_network_acl.this",
            "module.aws_base.module.vpc.aws_default_route_table.default",
            "module.aws_base.module.vpc.aws_default_security_group.this",
            "module.aws_base.module.vpc.aws_default_vpc.this",
            "module.aws_base.module.vpc.aws_egress_only_internet_gateway.this",
            "module.aws_base.module.vpc.aws_eip.nat",
            "module.aws_base.module.vpc.aws_elasticache_subnet_group.elasticache",
            "module.aws_base.module.vpc.aws_flow_log.this",
            "module.aws_base.module.vpc.aws_iam_policy.vpc_flow_log_cloudwatch",
            "module.aws_base.module.vpc.aws_iam_role.vpc_flow_log_cloudwatch",
            "module.aws_base.module.vpc.aws_iam_role_policy_attachment.vpc_flow_log_cloudwatch",
            "module.aws_base.module.vpc.aws_internet_gateway.this",
            "module.aws_base.module.vpc.aws_nat_gateway.this",
            "module.aws_base.module.vpc.aws_network_acl.database",
            "module.aws_base.module.vpc.aws_network_acl.elasticache",
            "module.aws_base.module.vpc.aws_network_acl.intra",
            "module.aws_base.module.vpc.aws_network_acl.outpost",
            "module.aws_base.module.vpc.aws_network_acl.private",
            "module.aws_base.module.vpc.aws_network_acl.public",
            "module.aws_base.module.vpc.aws_network_acl.redshift",
            "module.aws_base.module.vpc.aws_network_acl_rule.database_inbound",
            "module.aws_base.module.vpc.aws_network_acl_rule.database_outbound",
            "module.aws_base.module.vpc.aws_network_acl_rule.elasticache_inbound",
            "module.aws_base.module.vpc.aws_network_acl_rule.elasticache_outbound",
            "module.aws_base.module.vpc.aws_network_acl_rule.intra_inbound",
            "module.aws_base.module.vpc.aws_network_acl_rule.intra_outbound",
            "module.aws_base.module.vpc.aws_network_acl_rule.outpost_inbound",
            "module.aws_base.module.vpc.aws_network_acl_rule.outpost_outbound",
            "module.aws_base.module.vpc.aws_network_acl_rule.private_inbound",
            "module.aws_base.module.vpc.aws_network_acl_rule.private_outbound",
            "module.aws_base.module.vpc.aws_network_acl_rule.public_inbound",
            "module.aws_base.module.vpc.aws_network_acl_rule.public_outbound",
            "module.aws_base.module.vpc.aws_network_acl_rule.redshift_inbound",
            "module.aws_base.module.vpc.aws_network_acl_rule.redshift_outbound",
            "module.aws_base.module.vpc.aws_redshift_subnet_group.redshift",
            "module.aws_base.module.vpc.aws_route.database_internet_gateway",
            "module.aws_base.module.vpc.aws_route.database_ipv6_egress",
            "module.aws_base.module.vpc.aws_route.database_nat_gateway",
            "module.aws_base.module.vpc.aws_route.private_ipv6_egress",
            "module.aws_base.module.vpc.aws_route.private_nat_gateway",
            "module.aws_base.module.vpc.aws_route.public_internet_gateway",
            "module.aws_base.module.vpc.aws_route.public_internet_gateway_ipv6",
            "module.aws_base.module.vpc.aws_route_table.database",
            "module.aws_base.module.vpc.aws_route_table.elasticache",
            "module.aws_base.module.vpc.aws_route_table.intra",
            "module.aws_base.module.vpc.aws_route_table.private",
            "module.aws_base.module.vpc.aws_route_table.public",
            "module.aws_base.module.vpc.aws_route_table.redshift",
            "module.aws_base.module.vpc.aws_route_table_association.database",
            "module.aws_base.module.vpc.aws_route_table_association.elasticache",
            "module.aws_base.module.vpc.aws_route_table_association.intra",
            "module.aws_base.module.vpc.aws_route_table_association.outpost",
            "module.aws_base.module.vpc.aws_route_table_association.private",
            "module.aws_base.module.vpc.aws_route_table_association.public",
            "module.aws_base.module.vpc.aws_route_table_association.redshift",
            "module.aws_base.module.vpc.aws_route_table_association.redshift_public",
            "module.aws_base.module.vpc.aws_subnet.database",
            "module.aws_base.module.vpc.aws_subnet.elasticache",
            "module.aws_base.module.vpc.aws_subnet.intra",
            "module.aws_base.module.vpc.aws_subnet.outpost",
            "module.aws_base.module.vpc.aws_subnet.private",
            "module.aws_base.module.vpc.aws_subnet.public",
            "module.aws_base.module.vpc.aws_subnet.redshift",
            "module.aws_base.module.vpc.aws_vpc.this",
            "module.aws_base.module.vpc.aws_vpc_dhcp_options.this",
            "module.aws_base.module.vpc.aws_vpc_dhcp_options_association.this",
            "module.aws_base.module.vpc.aws_vpc_ipv4_cidr_block_association.this",
            "module.aws_base.module.vpc.aws_vpn_gateway.this",
            "module.aws_base.module.vpc.aws_vpn_gateway_attachment.this",
            "module.aws_base.module.vpc.aws_vpn_gateway_route_propagation.intra",
            "module.aws_base.module.vpc.aws_vpn_gateway_route_propagation.private",
            "module.aws_base.module.vpc.aws_vpn_gateway_route_propagation.public",
            "module.aws_base.module.vpc.data.aws_iam_policy_document.flow_log_cloudwatch_assume_role",
            "module.aws_base.module.vpc.data.aws_iam_policy_document.vpc_flow_log_cloudwatch",
            "module.aws_base.module.vpc_endpoints.aws_vpc_endpoint.this",
            "module.aws_base.module.vpc_endpoints.data.aws_vpc_endpoint_service.this",
            "module.databricks_workspace.databricks_mws_credentials.this",
            "module.databricks_workspace.databricks_mws_networks.this",
            "module.databricks_workspace.databricks_mws_storage_configurations.this",
            "module.databricks_workspace.databricks_mws_workspaces.this",
            "module.unity_catalog.databricks_metastore.this",
            "module.unity_catalog.databricks_metastore_assignment.default_metastore",
            "module.unity_catalog.time_sleep.wait_role_creation",
            "time_sleep.wait",
            "time_sleep.wait_for_permission_apis"
          ]
        }
      ]
    },
    {
      "mode": "managed",
      "type": "databricks_user",
      "name": "unity_users",
      "provider": "provider[\"registry.terraform.io/databricks/databricks\"].mws",
      "instances": [
        {
          "index_key": "andrew.tolbert@databricks.com",
          "schema_version": 0,
          "attributes": {
            "acl_principal_id": "users/andrew.tolbert@databricks.com",
            "active": true,
            "allow_cluster_create": false,
            "allow_instance_pool_create": false,
            "databricks_sql_access": false,
            "disable_as_user_deletion": null,
            "display_name": "",
            "external_id": "",
            "force": true,
            "force_delete_home_dir": null,
            "force_delete_repos": null,
            "home": "/Users/andrew.tolbert@databricks.com",
            "id": "8743671388147187",
            "repos": "/Repos/andrew.tolbert@databricks.com",
            "user_name": "andrew.tolbert@databricks.com",
            "workspace_access": false
          },
          "sensitive_attributes": [],
          "private": "bnVsbA=="
        },
        {
          "index_key": "justin.kolpak@databricks.com",
          "schema_version": 0,
          "attributes": {
            "acl_principal_id": "users/justin.kolpak@databricks.com",
            "active": true,
            "allow_cluster_create": false,
            "allow_instance_pool_create": false,
            "databricks_sql_access": false,
            "disable_as_user_deletion": null,
            "display_name": "",
            "external_id": "",
            "force": true,
            "force_delete_home_dir": null,
            "force_delete_repos": null,
            "home": "/Users/justin.kolpak@databricks.com",
            "id": "3706053288042151",
            "repos": "/Repos/justin.kolpak@databricks.com",
            "user_name": "justin.kolpak@databricks.com",
            "workspace_access": false
          },
          "sensitive_attributes": [],
          "private": "bnVsbA=="
        },
        {
          "index_key": "logan.rupert@databricks.com",
          "schema_version": 0,
          "attributes": {
            "acl_principal_id": "users/logan.rupert@databricks.com",
            "active": true,
            "allow_cluster_create": false,
            "allow_instance_pool_create": false,
            "databricks_sql_access": false,
            "disable_as_user_deletion": null,
            "display_name": "",
            "external_id": "",
            "force": true,
            "force_delete_home_dir": null,
            "force_delete_repos": null,
            "home": "/Users/logan.rupert@databricks.com",
            "id": "4948013063791781",
            "repos": "/Repos/logan.rupert@databricks.com",
            "user_name": "logan.rupert@databricks.com",
            "workspace_access": false
          },
          "sensitive_attributes": [],
          "private": "bnVsbA=="
        }
      ]
    },
    {
      "mode": "managed",
      "type": "random_string",
      "name": "naming",
      "provider": "provider[\"registry.terraform.io/hashicorp/random\"]",
      "instances": [
        {
          "schema_version": 2,
          "attributes": {
            "id": "ha22kj",
            "keepers": null,
            "length": 6,
            "lower": true,
            "min_lower": 0,
            "min_numeric": 0,
            "min_special": 0,
            "min_upper": 0,
            "number": true,
            "numeric": true,
            "override_special": null,
            "result": "ha22kj",
            "special": false,
            "upper": false
          },
          "sensitive_attributes": []
        }
      ]
    },
    {
      "mode": "managed",
      "type": "time_sleep",
      "name": "wait",
      "provider": "provider[\"registry.terraform.io/hashicorp/time\"]",
      "instances": [
        {
          "schema_version": 0,
          "attributes": {
            "create_duration": "10s",
            "destroy_duration": null,
            "id": "2024-03-17T20:06:40Z",
            "triggers": null
          },
          "sensitive_attributes": [],
          "dependencies": [
            "module.aws_base.aws_iam_role.cross_account_role",
            "module.aws_base.aws_iam_role_policy.this",
            "module.aws_base.aws_s3_bucket.root_storage_bucket",
            "module.aws_base.aws_s3_bucket_policy.root_bucket_policy",
            "module.aws_base.aws_s3_bucket_public_access_block.root_storage_bucket",
            "module.aws_base.aws_s3_bucket_server_side_encryption_configuration.root_storage_bucket",
            "module.aws_base.aws_s3_bucket_versioning.versioning_example",
            "module.aws_base.data.aws_availability_zones.available",
            "module.aws_base.data.databricks_aws_assume_role_policy.this",
            "module.aws_base.data.databricks_aws_bucket_policy.this",
            "module.aws_base.data.databricks_aws_crossaccount_policy.this",
            "module.aws_base.module.vpc.aws_cloudwatch_log_group.flow_log",
            "module.aws_base.module.vpc.aws_customer_gateway.this",
            "module.aws_base.module.vpc.aws_db_subnet_group.database",
            "module.aws_base.module.vpc.aws_default_network_acl.this",
            "module.aws_base.module.vpc.aws_default_route_table.default",
            "module.aws_base.module.vpc.aws_default_security_group.this",
            "module.aws_base.module.vpc.aws_default_vpc.this",
            "module.aws_base.module.vpc.aws_egress_only_internet_gateway.this",
            "module.aws_base.module.vpc.aws_eip.nat",
            "module.aws_base.module.vpc.aws_elasticache_subnet_group.elasticache",
            "module.aws_base.module.vpc.aws_flow_log.this",
            "module.aws_base.module.vpc.aws_iam_policy.vpc_flow_log_cloudwatch",
            "module.aws_base.module.vpc.aws_iam_role.vpc_flow_log_cloudwatch",
            "module.aws_base.module.vpc.aws_iam_role_policy_attachment.vpc_flow_log_cloudwatch",
            "module.aws_base.module.vpc.aws_internet_gateway.this",
            "module.aws_base.module.vpc.aws_nat_gateway.this",
            "module.aws_base.module.vpc.aws_network_acl.database",
            "module.aws_base.module.vpc.aws_network_acl.elasticache",
            "module.aws_base.module.vpc.aws_network_acl.intra",
            "module.aws_base.module.vpc.aws_network_acl.outpost",
            "module.aws_base.module.vpc.aws_network_acl.private",
            "module.aws_base.module.vpc.aws_network_acl.public",
            "module.aws_base.module.vpc.aws_network_acl.redshift",
            "module.aws_base.module.vpc.aws_network_acl_rule.database_inbound",
            "module.aws_base.module.vpc.aws_network_acl_rule.database_outbound",
            "module.aws_base.module.vpc.aws_network_acl_rule.elasticache_inbound",
            "module.aws_base.module.vpc.aws_network_acl_rule.elasticache_outbound",
            "module.aws_base.module.vpc.aws_network_acl_rule.intra_inbound",
            "module.aws_base.module.vpc.aws_network_acl_rule.intra_outbound",
            "module.aws_base.module.vpc.aws_network_acl_rule.outpost_inbound",
            "module.aws_base.module.vpc.aws_network_acl_rule.outpost_outbound",
            "module.aws_base.module.vpc.aws_network_acl_rule.private_inbound",
            "module.aws_base.module.vpc.aws_network_acl_rule.private_outbound",
            "module.aws_base.module.vpc.aws_network_acl_rule.public_inbound",
            "module.aws_base.module.vpc.aws_network_acl_rule.public_outbound",
            "module.aws_base.module.vpc.aws_network_acl_rule.redshift_inbound",
            "module.aws_base.module.vpc.aws_network_acl_rule.redshift_outbound",
            "module.aws_base.module.vpc.aws_redshift_subnet_group.redshift",
            "module.aws_base.module.vpc.aws_route.database_internet_gateway",
            "module.aws_base.module.vpc.aws_route.database_ipv6_egress",
            "module.aws_base.module.vpc.aws_route.database_nat_gateway",
            "module.aws_base.module.vpc.aws_route.private_ipv6_egress",
            "module.aws_base.module.vpc.aws_route.private_nat_gateway",
            "module.aws_base.module.vpc.aws_route.public_internet_gateway",
            "module.aws_base.module.vpc.aws_route.public_internet_gateway_ipv6",
            "module.aws_base.module.vpc.aws_route_table.database",
            "module.aws_base.module.vpc.aws_route_table.elasticache",
            "module.aws_base.module.vpc.aws_route_table.intra",
            "module.aws_base.module.vpc.aws_route_table.private",
            "module.aws_base.module.vpc.aws_route_table.public",
            "module.aws_base.module.vpc.aws_route_table.redshift",
            "module.aws_base.module.vpc.aws_route_table_association.database",
            "module.aws_base.module.vpc.aws_route_table_association.elasticache",
            "module.aws_base.module.vpc.aws_route_table_association.intra",
            "module.aws_base.module.vpc.aws_route_table_association.outpost",
            "module.aws_base.module.vpc.aws_route_table_association.private",
            "module.aws_base.module.vpc.aws_route_table_association.public",
            "module.aws_base.module.vpc.aws_route_table_association.redshift",
            "module.aws_base.module.vpc.aws_route_table_association.redshift_public",
            "module.aws_base.module.vpc.aws_subnet.database",
            "module.aws_base.module.vpc.aws_subnet.elasticache",
            "module.aws_base.module.vpc.aws_subnet.intra",
            "module.aws_base.module.vpc.aws_subnet.outpost",
            "module.aws_base.module.vpc.aws_subnet.private",
            "module.aws_base.module.vpc.aws_subnet.public",
            "module.aws_base.module.vpc.aws_subnet.redshift",
            "module.aws_base.module.vpc.aws_vpc.this",
            "module.aws_base.module.vpc.aws_vpc_dhcp_options.this",
            "module.aws_base.module.vpc.aws_vpc_dhcp_options_association.this",
            "module.aws_base.module.vpc.aws_vpc_ipv4_cidr_block_association.this",
            "module.aws_base.module.vpc.aws_vpn_gateway.this",
            "module.aws_base.module.vpc.aws_vpn_gateway_attachment.this",
            "module.aws_base.module.vpc.aws_vpn_gateway_route_propagation.intra",
            "module.aws_base.module.vpc.aws_vpn_gateway_route_propagation.private",
            "module.aws_base.module.vpc.aws_vpn_gateway_route_propagation.public",
            "module.aws_base.module.vpc.data.aws_iam_policy_document.flow_log_cloudwatch_assume_role",
            "module.aws_base.module.vpc.data.aws_iam_policy_document.vpc_flow_log_cloudwatch",
            "module.aws_base.module.vpc_endpoints.aws_vpc_endpoint.this",
            "module.aws_base.module.vpc_endpoints.data.aws_vpc_endpoint_service.this"
          ]
        }
      ]
    },
    {
      "mode": "managed",
      "type": "time_sleep",
      "name": "wait_for_permission_apis",
      "provider": "provider[\"registry.terraform.io/hashicorp/time\"]",
      "instances": [
        {
          "schema_version": 0,
          "attributes": {
            "create_duration": "20s",
            "destroy_duration": null,
            "id": "2024-03-17T21:25:54Z",
            "triggers": null
          },
          "sensitive_attributes": [],
          "dependencies": [
            "databricks_group.admin_group",
            "module.aws_base.aws_iam_role.cross_account_role",
            "module.aws_base.aws_iam_role_policy.this",
            "module.aws_base.aws_s3_bucket.root_storage_bucket",
            "module.aws_base.aws_s3_bucket_policy.root_bucket_policy",
            "module.aws_base.aws_s3_bucket_public_access_block.root_storage_bucket",
            "module.aws_base.aws_s3_bucket_server_side_encryption_configuration.root_storage_bucket",
            "module.aws_base.aws_s3_bucket_versioning.versioning_example",
            "module.aws_base.data.aws_availability_zones.available",
            "module.aws_base.data.databricks_aws_assume_role_policy.this",
            "module.aws_base.data.databricks_aws_bucket_policy.this",
            "module.aws_base.data.databricks_aws_crossaccount_policy.this",
            "module.aws_base.module.vpc.aws_cloudwatch_log_group.flow_log",
            "module.aws_base.module.vpc.aws_customer_gateway.this",
            "module.aws_base.module.vpc.aws_db_subnet_group.database",
            "module.aws_base.module.vpc.aws_default_network_acl.this",
            "module.aws_base.module.vpc.aws_default_route_table.default",
            "module.aws_base.module.vpc.aws_default_security_group.this",
            "module.aws_base.module.vpc.aws_default_vpc.this",
            "module.aws_base.module.vpc.aws_egress_only_internet_gateway.this",
            "module.aws_base.module.vpc.aws_eip.nat",
            "module.aws_base.module.vpc.aws_elasticache_subnet_group.elasticache",
            "module.aws_base.module.vpc.aws_flow_log.this",
            "module.aws_base.module.vpc.aws_iam_policy.vpc_flow_log_cloudwatch",
            "module.aws_base.module.vpc.aws_iam_role.vpc_flow_log_cloudwatch",
            "module.aws_base.module.vpc.aws_iam_role_policy_attachment.vpc_flow_log_cloudwatch",
            "module.aws_base.module.vpc.aws_internet_gateway.this",
            "module.aws_base.module.vpc.aws_nat_gateway.this",
            "module.aws_base.module.vpc.aws_network_acl.database",
            "module.aws_base.module.vpc.aws_network_acl.elasticache",
            "module.aws_base.module.vpc.aws_network_acl.intra",
            "module.aws_base.module.vpc.aws_network_acl.outpost",
            "module.aws_base.module.vpc.aws_network_acl.private",
            "module.aws_base.module.vpc.aws_network_acl.public",
            "module.aws_base.module.vpc.aws_network_acl.redshift",
            "module.aws_base.module.vpc.aws_network_acl_rule.database_inbound",
            "module.aws_base.module.vpc.aws_network_acl_rule.database_outbound",
            "module.aws_base.module.vpc.aws_network_acl_rule.elasticache_inbound",
            "module.aws_base.module.vpc.aws_network_acl_rule.elasticache_outbound",
            "module.aws_base.module.vpc.aws_network_acl_rule.intra_inbound",
            "module.aws_base.module.vpc.aws_network_acl_rule.intra_outbound",
            "module.aws_base.module.vpc.aws_network_acl_rule.outpost_inbound",
            "module.aws_base.module.vpc.aws_network_acl_rule.outpost_outbound",
            "module.aws_base.module.vpc.aws_network_acl_rule.private_inbound",
            "module.aws_base.module.vpc.aws_network_acl_rule.private_outbound",
            "module.aws_base.module.vpc.aws_network_acl_rule.public_inbound",
            "module.aws_base.module.vpc.aws_network_acl_rule.public_outbound",
            "module.aws_base.module.vpc.aws_network_acl_rule.redshift_inbound",
            "module.aws_base.module.vpc.aws_network_acl_rule.redshift_outbound",
            "module.aws_base.module.vpc.aws_redshift_subnet_group.redshift",
            "module.aws_base.module.vpc.aws_route.database_internet_gateway",
            "module.aws_base.module.vpc.aws_route.database_ipv6_egress",
            "module.aws_base.module.vpc.aws_route.database_nat_gateway",
            "module.aws_base.module.vpc.aws_route.private_ipv6_egress",
            "module.aws_base.module.vpc.aws_route.private_nat_gateway",
            "module.aws_base.module.vpc.aws_route.public_internet_gateway",
            "module.aws_base.module.vpc.aws_route.public_internet_gateway_ipv6",
            "module.aws_base.module.vpc.aws_route_table.database",
            "module.aws_base.module.vpc.aws_route_table.elasticache",
            "module.aws_base.module.vpc.aws_route_table.intra",
            "module.aws_base.module.vpc.aws_route_table.private",
            "module.aws_base.module.vpc.aws_route_table.public",
            "module.aws_base.module.vpc.aws_route_table.redshift",
            "module.aws_base.module.vpc.aws_route_table_association.database",
            "module.aws_base.module.vpc.aws_route_table_association.elasticache",
            "module.aws_base.module.vpc.aws_route_table_association.intra",
            "module.aws_base.module.vpc.aws_route_table_association.outpost",
            "module.aws_base.module.vpc.aws_route_table_association.private",
            "module.aws_base.module.vpc.aws_route_table_association.public",
            "module.aws_base.module.vpc.aws_route_table_association.redshift",
            "module.aws_base.module.vpc.aws_route_table_association.redshift_public",
            "module.aws_base.module.vpc.aws_subnet.database",
            "module.aws_base.module.vpc.aws_subnet.elasticache",
            "module.aws_base.module.vpc.aws_subnet.intra",
            "module.aws_base.module.vpc.aws_subnet.outpost",
            "module.aws_base.module.vpc.aws_subnet.private",
            "module.aws_base.module.vpc.aws_subnet.public",
            "module.aws_base.module.vpc.aws_subnet.redshift",
            "module.aws_base.module.vpc.aws_vpc.this",
            "module.aws_base.module.vpc.aws_vpc_dhcp_options.this",
            "module.aws_base.module.vpc.aws_vpc_dhcp_options_association.this",
            "module.aws_base.module.vpc.aws_vpc_ipv4_cidr_block_association.this",
            "module.aws_base.module.vpc.aws_vpn_gateway.this",
            "module.aws_base.module.vpc.aws_vpn_gateway_attachment.this",
            "module.aws_base.module.vpc.aws_vpn_gateway_route_propagation.intra",
            "module.aws_base.module.vpc.aws_vpn_gateway_route_propagation.private",
            "module.aws_base.module.vpc.aws_vpn_gateway_route_propagation.public",
            "module.aws_base.module.vpc.data.aws_iam_policy_document.flow_log_cloudwatch_assume_role",
            "module.aws_base.module.vpc.data.aws_iam_policy_document.vpc_flow_log_cloudwatch",
            "module.aws_base.module.vpc_endpoints.aws_vpc_endpoint.this",
            "module.aws_base.module.vpc_endpoints.data.aws_vpc_endpoint_service.this",
            "module.databricks_workspace.databricks_mws_credentials.this",
            "module.databricks_workspace.databricks_mws_networks.this",
            "module.databricks_workspace.databricks_mws_storage_configurations.this",
            "module.databricks_workspace.databricks_mws_workspaces.this",
            "module.unity_catalog.databricks_metastore.this",
            "module.unity_catalog.databricks_metastore_assignment.default_metastore",
            "module.unity_catalog.time_sleep.wait_role_creation",
            "time_sleep.wait"
          ]
        }
      ]
    },
    {
      "module": "module.aws_base",
      "mode": "data",
      "type": "aws_availability_zones",
      "name": "available",
      "provider": "provider[\"registry.terraform.io/hashicorp/aws\"]",
      "instances": [
        {
          "schema_version": 0,
          "attributes": {
            "all_availability_zones": null,
            "exclude_names": null,
            "exclude_zone_ids": null,
            "filter": null,
            "group_names": [
              "us-west-1"
            ],
            "id": "us-west-1",
            "names": [
              "us-west-1b",
              "us-west-1c"
            ],
            "state": null,
            "zone_ids": [
              "usw1-az3",
              "usw1-az1"
            ]
          },
          "sensitive_attributes": []
        }
      ]
    },
    {
      "module": "module.aws_base",
      "mode": "data",
      "type": "databricks_aws_assume_role_policy",
      "name": "this",
      "provider": "provider[\"registry.terraform.io/databricks/databricks\"].mws",
      "instances": [
        {
          "schema_version": 0,
          "attributes": {
            "databricks_account_id": "414351767826",
            "external_id": "0d26daa6-5e44-4c97-a497-ef015f91254a",
            "for_log_delivery": false,
            "id": "0d26daa6-5e44-4c97-a497-ef015f91254a",
            "json": "{\n  \"Version\": \"2012-10-17\",\n  \"Statement\": [\n    {\n      \"Effect\": \"Allow\",\n      \"Action\": \"sts:AssumeRole\",\n      \"Principal\": {\n        \"AWS\": \"arn:aws:iam::414351767826:root\"\n      },\n      \"Condition\": {\n        \"StringEquals\": {\n          \"sts:ExternalId\": \"0d26daa6-5e44-4c97-a497-ef015f91254a\"\n        }\n      }\n    }\n  ]\n}"
          },
          "sensitive_attributes": []
        }
      ]
    },
    {
      "module": "module.aws_base",
      "mode": "data",
      "type": "databricks_aws_bucket_policy",
      "name": "this",
      "provider": "provider[\"registry.terraform.io/databricks/databricks\"]",
      "instances": [
        {
          "schema_version": 0,
          "attributes": {
            "bucket": "aht-demo-modularized-rootbucket",
            "databricks_account_id": "414351767826",
            "databricks_e2_account_id": null,
            "full_access_role": null,
            "id": "aht-demo-modularized-rootbucket",
            "json": "{\n  \"Version\": \"2012-10-17\",\n  \"Statement\": [\n    {\n      \"Effect\": \"Allow\",\n      \"Action\": [\n        \"s3:GetObject\",\n        \"s3:GetObjectVersion\",\n        \"s3:PutObject\",\n        \"s3:DeleteObject\",\n        \"s3:ListBucket\",\n        \"s3:GetBucketLocation\"\n      ],\n      \"Resource\": [\n        \"arn:aws:s3:::aht-demo-modularized-rootbucket/*\",\n        \"arn:aws:s3:::aht-demo-modularized-rootbucket\"\n      ],\n      \"Principal\": {\n        \"AWS\": \"arn:aws:iam::414351767826:root\"\n      }\n    }\n  ]\n}"
          },
          "sensitive_attributes": []
        }
      ]
    },
    {
      "module": "module.aws_base",
      "mode": "data",
      "type": "databricks_aws_crossaccount_policy",
      "name": "this",
      "provider": "provider[\"registry.terraform.io/databricks/databricks\"]",
      "instances": [
        {
          "schema_version": 0,
          "attributes": {
            "id": "cross-account",
            "json": "{\n  \"Version\": \"2012-10-17\",\n  \"Statement\": [\n    {\n      \"Effect\": \"Allow\",\n      \"Action\": [\n        \"ec2:AllocateAddress\",\n        \"ec2:AssignPrivateIpAddresses\",\n        \"ec2:AssociateDhcpOptions\",\n        \"ec2:AssociateIamInstanceProfile\",\n        \"ec2:AssociateRouteTable\",\n        \"ec2:AttachInternetGateway\",\n        \"ec2:AttachVolume\",\n        \"ec2:AuthorizeSecurityGroupEgress\",\n        \"ec2:AuthorizeSecurityGroupIngress\",\n        \"ec2:CancelSpotInstanceRequests\",\n        \"ec2:CreateDhcpOptions\",\n        \"ec2:CreateFleet\",\n        \"ec2:CreateInternetGateway\",\n        \"ec2:CreateKeyPair\",\n        \"ec2:CreateLaunchTemplate\",\n        \"ec2:CreateLaunchTemplateVersion\",\n        \"ec2:CreateNatGateway\",\n        \"ec2:CreatePlacementGroup\",\n        \"ec2:CreateRoute\",\n        \"ec2:CreateRouteTable\",\n        \"ec2:CreateSecurityGroup\",\n        \"ec2:CreateSubnet\",\n        \"ec2:CreateTags\",\n        \"ec2:CreateVolume\",\n        \"ec2:CreateVpc\",\n        \"ec2:CreateVpcEndpoint\",\n        \"ec2:DeleteDhcpOptions\",\n        \"ec2:DeleteFleets\",\n        \"ec2:DeleteInternetGateway\",\n        \"ec2:DeleteKeyPair\",\n        \"ec2:DeleteLaunchTemplate\",\n        \"ec2:DeleteLaunchTemplateVersions\",\n        \"ec2:DeleteNatGateway\",\n        \"ec2:DeletePlacementGroup\",\n        \"ec2:DeleteRoute\",\n        \"ec2:DeleteRouteTable\",\n        \"ec2:DeleteSecurityGroup\",\n        \"ec2:DeleteSubnet\",\n        \"ec2:DeleteTags\",\n        \"ec2:DeleteVolume\",\n        \"ec2:DeleteVpc\",\n        \"ec2:DeleteVpcEndpoints\",\n        \"ec2:DescribeAvailabilityZones\",\n        \"ec2:DescribeFleetHistory\",\n        \"ec2:DescribeFleetInstances\",\n        \"ec2:DescribeFleets\",\n        \"ec2:DescribeIamInstanceProfileAssociations\",\n        \"ec2:DescribeInstanceStatus\",\n        \"ec2:DescribeInstances\",\n        \"ec2:DescribeInternetGateways\",\n        \"ec2:DescribeLaunchTemplates\",\n        \"ec2:DescribeLaunchTemplateVersions\",\n        \"ec2:DescribeNatGateways\",\n        \"ec2:DescribeNetworkAcls\",\n        \"ec2:DescribePlacementGroups\",\n        \"ec2:DescribePrefixLists\",\n        \"ec2:DescribeReservedInstancesOfferings\",\n        \"ec2:DescribeRouteTables\",\n        \"ec2:DescribeSecurityGroups\",\n        \"ec2:DescribeSpotInstanceRequests\",\n        \"ec2:DescribeSpotPriceHistory\",\n        \"ec2:DescribeSubnets\",\n        \"ec2:DescribeVolumes\",\n        \"ec2:DescribeVpcAttribute\",\n        \"ec2:DescribeVpcs\",\n        \"ec2:DetachInternetGateway\",\n        \"ec2:DetachVolume\",\n        \"ec2:DisassociateIamInstanceProfile\",\n        \"ec2:DisassociateRouteTable\",\n        \"ec2:GetLaunchTemplateData\",\n        \"ec2:GetSpotPlacementScores\",\n        \"ec2:ModifyFleet\",\n        \"ec2:ModifyLaunchTemplate\",\n        \"ec2:ModifyVpcAttribute\",\n        \"ec2:ReleaseAddress\",\n        \"ec2:ReplaceIamInstanceProfileAssociation\",\n        \"ec2:RequestSpotInstances\",\n        \"ec2:RevokeSecurityGroupEgress\",\n        \"ec2:RevokeSecurityGroupIngress\",\n        \"ec2:RunInstances\",\n        \"ec2:TerminateInstances\"\n      ],\n      \"Resource\": \"*\"\n    },\n    {\n      \"Effect\": \"Allow\",\n      \"Action\": [\n        \"iam:CreateServiceLinkedRole\",\n        \"iam:PutRolePolicy\"\n      ],\n      \"Resource\": \"arn:aws:iam::*:role/aws-service-role/spot.amazonaws.com/AWSServiceRoleForEC2Spot\",\n      \"Condition\": {\n        \"StringLike\": {\n          \"iam:AWSServiceName\": \"spot.amazonaws.com\"\n        }\n      }\n    }\n  ]\n}",
            "pass_roles": null
          },
          "sensitive_attributes": []
        }
      ]
    },
    {
      "module": "module.aws_base",
      "mode": "managed",
      "type": "aws_iam_role",
      "name": "cross_account_role",
      "provider": "provider[\"registry.terraform.io/hashicorp/aws\"]",
      "instances": [
        {
          "schema_version": 0,
          "attributes": {
            "arn": "arn:aws:iam::332745928618:role/aht-demo-modularized-crossaccount",
            "assume_role_policy": "{\"Version\":\"2012-10-17\",\"Statement\":[{\"Effect\":\"Allow\",\"Principal\":{\"AWS\":\"arn:aws:iam::414351767826:root\"},\"Action\":\"sts:AssumeRole\",\"Condition\":{\"StringEquals\":{\"sts:ExternalId\":\"0d26daa6-5e44-4c97-a497-ef015f91254a\"}}}]}",
            "create_date": "2024-03-17T20:04:10Z",
            "description": "",
            "force_detach_policies": false,
            "id": "aht-demo-modularized-crossaccount",
            "inline_policy": [
              {
                "name": "aht-demo-modularized-policy",
                "policy": "{\n  \"Version\": \"2012-10-17\",\n  \"Statement\": [\n    {\n      \"Effect\": \"Allow\",\n      \"Action\": [\n        \"ec2:AllocateAddress\",\n        \"ec2:AssignPrivateIpAddresses\",\n        \"ec2:AssociateDhcpOptions\",\n        \"ec2:AssociateIamInstanceProfile\",\n        \"ec2:AssociateRouteTable\",\n        \"ec2:AttachInternetGateway\",\n        \"ec2:AttachVolume\",\n        \"ec2:AuthorizeSecurityGroupEgress\",\n        \"ec2:AuthorizeSecurityGroupIngress\",\n        \"ec2:CancelSpotInstanceRequests\",\n        \"ec2:CreateDhcpOptions\",\n        \"ec2:CreateFleet\",\n        \"ec2:CreateInternetGateway\",\n        \"ec2:CreateKeyPair\",\n        \"ec2:CreateLaunchTemplate\",\n        \"ec2:CreateLaunchTemplateVersion\",\n        \"ec2:CreateNatGateway\",\n        \"ec2:CreatePlacementGroup\",\n        \"ec2:CreateRoute\",\n        \"ec2:CreateRouteTable\",\n        \"ec2:CreateSecurityGroup\",\n        \"ec2:CreateSubnet\",\n        \"ec2:CreateTags\",\n        \"ec2:CreateVolume\",\n        \"ec2:CreateVpc\",\n        \"ec2:CreateVpcEndpoint\",\n        \"ec2:DeleteDhcpOptions\",\n        \"ec2:DeleteFleets\",\n        \"ec2:DeleteInternetGateway\",\n        \"ec2:DeleteKeyPair\",\n        \"ec2:DeleteLaunchTemplate\",\n        \"ec2:DeleteLaunchTemplateVersions\",\n        \"ec2:DeleteNatGateway\",\n        \"ec2:DeletePlacementGroup\",\n        \"ec2:DeleteRoute\",\n        \"ec2:DeleteRouteTable\",\n        \"ec2:DeleteSecurityGroup\",\n        \"ec2:DeleteSubnet\",\n        \"ec2:DeleteTags\",\n        \"ec2:DeleteVolume\",\n        \"ec2:DeleteVpc\",\n        \"ec2:DeleteVpcEndpoints\",\n        \"ec2:DescribeAvailabilityZones\",\n        \"ec2:DescribeFleetHistory\",\n        \"ec2:DescribeFleetInstances\",\n        \"ec2:DescribeFleets\",\n        \"ec2:DescribeIamInstanceProfileAssociations\",\n        \"ec2:DescribeInstanceStatus\",\n        \"ec2:DescribeInstances\",\n        \"ec2:DescribeInternetGateways\",\n        \"ec2:DescribeLaunchTemplates\",\n        \"ec2:DescribeLaunchTemplateVersions\",\n        \"ec2:DescribeNatGateways\",\n        \"ec2:DescribeNetworkAcls\",\n        \"ec2:DescribePlacementGroups\",\n        \"ec2:DescribePrefixLists\",\n        \"ec2:DescribeReservedInstancesOfferings\",\n        \"ec2:DescribeRouteTables\",\n        \"ec2:DescribeSecurityGroups\",\n        \"ec2:DescribeSpotInstanceRequests\",\n        \"ec2:DescribeSpotPriceHistory\",\n        \"ec2:DescribeSubnets\",\n        \"ec2:DescribeVolumes\",\n        \"ec2:DescribeVpcAttribute\",\n        \"ec2:DescribeVpcs\",\n        \"ec2:DetachInternetGateway\",\n        \"ec2:DetachVolume\",\n        \"ec2:DisassociateIamInstanceProfile\",\n        \"ec2:DisassociateRouteTable\",\n        \"ec2:GetLaunchTemplateData\",\n        \"ec2:GetSpotPlacementScores\",\n        \"ec2:ModifyFleet\",\n        \"ec2:ModifyLaunchTemplate\",\n        \"ec2:ModifyVpcAttribute\",\n        \"ec2:ReleaseAddress\",\n        \"ec2:ReplaceIamInstanceProfileAssociation\",\n        \"ec2:RequestSpotInstances\",\n        \"ec2:RevokeSecurityGroupEgress\",\n        \"ec2:RevokeSecurityGroupIngress\",\n        \"ec2:RunInstances\",\n        \"ec2:TerminateInstances\"\n      ],\n      \"Resource\": \"*\"\n    },\n    {\n      \"Effect\": \"Allow\",\n      \"Action\": [\n        \"iam:CreateServiceLinkedRole\",\n        \"iam:PutRolePolicy\"\n      ],\n      \"Resource\": \"arn:aws:iam::*:role/aws-service-role/spot.amazonaws.com/AWSServiceRoleForEC2Spot\",\n      \"Condition\": {\n        \"StringLike\": {\n          \"iam:AWSServiceName\": \"spot.amazonaws.com\"\n        }\n      }\n    }\n  ]\n}"
              }
            ],
            "managed_policy_arns": [],
            "max_session_duration": 3600,
            "name": "aht-demo-modularized-crossaccount",
            "name_prefix": "",
            "path": "/",
            "permissions_boundary": null,
            "tags": {
              "Environment": "Demo-with-terraform"
            },
            "tags_all": {
              "Environment": "Demo-with-terraform"
            },
            "unique_id": "AROAU26JT56VMJFUSULBA"
          },
          "sensitive_attributes": [],
          "private": "bnVsbA==",
          "dependencies": [
            "module.aws_base.data.databricks_aws_assume_role_policy.this"
          ]
        }
      ]
    },
    {
      "module": "module.aws_base",
      "mode": "managed",
      "type": "aws_iam_role_policy",
      "name": "this",
      "provider": "provider[\"registry.terraform.io/hashicorp/aws\"]",
      "instances": [
        {
          "schema_version": 0,
          "attributes": {
            "id": "aht-demo-modularized-crossaccount:aht-demo-modularized-policy",
            "name": "aht-demo-modularized-policy",
            "name_prefix": null,
            "policy": "{\n  \"Version\": \"2012-10-17\",\n  \"Statement\": [\n    {\n      \"Effect\": \"Allow\",\n      \"Action\": [\n        \"ec2:AllocateAddress\",\n        \"ec2:AssignPrivateIpAddresses\",\n        \"ec2:AssociateDhcpOptions\",\n        \"ec2:AssociateIamInstanceProfile\",\n        \"ec2:AssociateRouteTable\",\n        \"ec2:AttachInternetGateway\",\n        \"ec2:AttachVolume\",\n        \"ec2:AuthorizeSecurityGroupEgress\",\n        \"ec2:AuthorizeSecurityGroupIngress\",\n        \"ec2:CancelSpotInstanceRequests\",\n        \"ec2:CreateDhcpOptions\",\n        \"ec2:CreateFleet\",\n        \"ec2:CreateInternetGateway\",\n        \"ec2:CreateKeyPair\",\n        \"ec2:CreateLaunchTemplate\",\n        \"ec2:CreateLaunchTemplateVersion\",\n        \"ec2:CreateNatGateway\",\n        \"ec2:CreatePlacementGroup\",\n        \"ec2:CreateRoute\",\n        \"ec2:CreateRouteTable\",\n        \"ec2:CreateSecurityGroup\",\n        \"ec2:CreateSubnet\",\n        \"ec2:CreateTags\",\n        \"ec2:CreateVolume\",\n        \"ec2:CreateVpc\",\n        \"ec2:CreateVpcEndpoint\",\n        \"ec2:DeleteDhcpOptions\",\n        \"ec2:DeleteFleets\",\n        \"ec2:DeleteInternetGateway\",\n        \"ec2:DeleteKeyPair\",\n        \"ec2:DeleteLaunchTemplate\",\n        \"ec2:DeleteLaunchTemplateVersions\",\n        \"ec2:DeleteNatGateway\",\n        \"ec2:DeletePlacementGroup\",\n        \"ec2:DeleteRoute\",\n        \"ec2:DeleteRouteTable\",\n        \"ec2:DeleteSecurityGroup\",\n        \"ec2:DeleteSubnet\",\n        \"ec2:DeleteTags\",\n        \"ec2:DeleteVolume\",\n        \"ec2:DeleteVpc\",\n        \"ec2:DeleteVpcEndpoints\",\n        \"ec2:DescribeAvailabilityZones\",\n        \"ec2:DescribeFleetHistory\",\n        \"ec2:DescribeFleetInstances\",\n        \"ec2:DescribeFleets\",\n        \"ec2:DescribeIamInstanceProfileAssociations\",\n        \"ec2:DescribeInstanceStatus\",\n        \"ec2:DescribeInstances\",\n        \"ec2:DescribeInternetGateways\",\n        \"ec2:DescribeLaunchTemplates\",\n        \"ec2:DescribeLaunchTemplateVersions\",\n        \"ec2:DescribeNatGateways\",\n        \"ec2:DescribeNetworkAcls\",\n        \"ec2:DescribePlacementGroups\",\n        \"ec2:DescribePrefixLists\",\n        \"ec2:DescribeReservedInstancesOfferings\",\n        \"ec2:DescribeRouteTables\",\n        \"ec2:DescribeSecurityGroups\",\n        \"ec2:DescribeSpotInstanceRequests\",\n        \"ec2:DescribeSpotPriceHistory\",\n        \"ec2:DescribeSubnets\",\n        \"ec2:DescribeVolumes\",\n        \"ec2:DescribeVpcAttribute\",\n        \"ec2:DescribeVpcs\",\n        \"ec2:DetachInternetGateway\",\n        \"ec2:DetachVolume\",\n        \"ec2:DisassociateIamInstanceProfile\",\n        \"ec2:DisassociateRouteTable\",\n        \"ec2:GetLaunchTemplateData\",\n        \"ec2:GetSpotPlacementScores\",\n        \"ec2:ModifyFleet\",\n        \"ec2:ModifyLaunchTemplate\",\n        \"ec2:ModifyVpcAttribute\",\n        \"ec2:ReleaseAddress\",\n        \"ec2:ReplaceIamInstanceProfileAssociation\",\n        \"ec2:RequestSpotInstances\",\n        \"ec2:RevokeSecurityGroupEgress\",\n        \"ec2:RevokeSecurityGroupIngress\",\n        \"ec2:RunInstances\",\n        \"ec2:TerminateInstances\"\n      ],\n      \"Resource\": \"*\"\n    },\n    {\n      \"Effect\": \"Allow\",\n      \"Action\": [\n        \"iam:CreateServiceLinkedRole\",\n        \"iam:PutRolePolicy\"\n      ],\n      \"Resource\": \"arn:aws:iam::*:role/aws-service-role/spot.amazonaws.com/AWSServiceRoleForEC2Spot\",\n      \"Condition\": {\n        \"StringLike\": {\n          \"iam:AWSServiceName\": \"spot.amazonaws.com\"\n        }\n      }\n    }\n  ]\n}",
            "role": "aht-demo-modularized-crossaccount"
          },
          "sensitive_attributes": [],
          "private": "bnVsbA==",
          "dependencies": [
            "module.aws_base.aws_iam_role.cross_account_role",
            "module.aws_base.data.databricks_aws_assume_role_policy.this",
            "module.aws_base.data.databricks_aws_crossaccount_policy.this"
          ]
        }
      ]
    },
    {
      "module": "module.aws_base",
      "mode": "managed",
      "type": "aws_s3_bucket",
      "name": "root_storage_bucket",
      "provider": "provider[\"registry.terraform.io/hashicorp/aws\"]",
      "instances": [
        {
          "schema_version": 0,
          "attributes": {
            "acceleration_status": "",
            "acl": null,
            "arn": "arn:aws:s3:::aht-demo-modularized-rootbucket",
            "bucket": "aht-demo-modularized-rootbucket",
            "bucket_domain_name": "aht-demo-modularized-rootbucket.s3.amazonaws.com",
            "bucket_prefix": null,
            "bucket_regional_domain_name": "aht-demo-modularized-rootbucket.s3.us-west-1.amazonaws.com",
            "cors_rule": [],
            "force_destroy": true,
            "grant": [
              {
                "id": "87ade1302b7a96a302ccaeeb7408eed7475127cc33ab912464285fc3ce8a40e6",
                "permissions": [
                  "FULL_CONTROL"
                ],
                "type": "CanonicalUser",
                "uri": ""
              }
            ],
            "hosted_zone_id": "Z2F56UZL2M1ACD",
            "id": "aht-demo-modularized-rootbucket",
            "lifecycle_rule": [],
            "logging": [],
            "object_lock_configuration": [],
            "object_lock_enabled": false,
            "policy": "{\"Version\":\"2012-10-17\",\"Statement\":[{\"Effect\":\"Allow\",\"Principal\":{\"AWS\":\"arn:aws:iam::414351767826:root\"},\"Action\":[\"s3:GetObject\",\"s3:GetObjectVersion\",\"s3:PutObject\",\"s3:DeleteObject\",\"s3:ListBucket\",\"s3:GetBucketLocation\"],\"Resource\":[\"arn:aws:s3:::aht-demo-modularized-rootbucket/*\",\"arn:aws:s3:::aht-demo-modularized-rootbucket\"]}]}",
            "region": "us-west-1",
            "replication_configuration": [],
            "request_payer": "BucketOwner",
            "server_side_encryption_configuration": [
              {
                "rule": [
                  {
                    "apply_server_side_encryption_by_default": [
                      {
                        "kms_master_key_id": "",
                        "sse_algorithm": "AES256"
                      }
                    ],
                    "bucket_key_enabled": false
                  }
                ]
              }
            ],
            "tags": {
              "Environment": "Demo-with-terraform",
              "Name": "aht-demo-modularized-rootbucket"
            },
            "tags_all": {
              "Environment": "Demo-with-terraform",
              "Name": "aht-demo-modularized-rootbucket"
            },
            "versioning": [
              {
                "enabled": false,
                "mfa_delete": false
              }
            ],
            "website": [],
            "website_domain": null,
            "website_endpoint": null
          },
          "sensitive_attributes": [],
          "private": "bnVsbA=="
        }
      ]
    },
    {
      "module": "module.aws_base",
      "mode": "managed",
      "type": "aws_s3_bucket_policy",
      "name": "root_bucket_policy",
      "provider": "provider[\"registry.terraform.io/hashicorp/aws\"]",
      "instances": [
        {
          "schema_version": 0,
          "attributes": {
            "bucket": "aht-demo-modularized-rootbucket",
            "id": "aht-demo-modularized-rootbucket",
            "policy": "{\"Statement\":[{\"Action\":[\"s3:GetObject\",\"s3:GetObjectVersion\",\"s3:PutObject\",\"s3:DeleteObject\",\"s3:ListBucket\",\"s3:GetBucketLocation\"],\"Effect\":\"Allow\",\"Principal\":{\"AWS\":\"arn:aws:iam::414351767826:root\"},\"Resource\":[\"arn:aws:s3:::aht-demo-modularized-rootbucket/*\",\"arn:aws:s3:::aht-demo-modularized-rootbucket\"]}],\"Version\":\"2012-10-17\"}"
          },
          "sensitive_attributes": [],
          "private": "bnVsbA==",
          "dependencies": [
            "module.aws_base.aws_s3_bucket.root_storage_bucket",
            "module.aws_base.aws_s3_bucket_public_access_block.root_storage_bucket",
            "module.aws_base.data.databricks_aws_bucket_policy.this"
          ]
        }
      ]
    },
    {
      "module": "module.aws_base",
      "mode": "managed",
      "type": "aws_s3_bucket_public_access_block",
      "name": "root_storage_bucket",
      "provider": "provider[\"registry.terraform.io/hashicorp/aws\"]",
      "instances": [
        {
          "schema_version": 0,
          "attributes": {
            "block_public_acls": true,
            "block_public_policy": true,
            "bucket": "aht-demo-modularized-rootbucket",
            "id": "aht-demo-modularized-rootbucket",
            "ignore_public_acls": true,
            "restrict_public_buckets": true
          },
          "sensitive_attributes": [],
          "private": "bnVsbA==",
          "dependencies": [
            "module.aws_base.aws_s3_bucket.root_storage_bucket"
          ]
        }
      ]
    },
    {
      "module": "module.aws_base",
      "mode": "managed",
      "type": "aws_s3_bucket_server_side_encryption_configuration",
      "name": "root_storage_bucket",
      "provider": "provider[\"registry.terraform.io/hashicorp/aws\"]",
      "instances": [
        {
          "schema_version": 0,
          "attributes": {
            "bucket": "aht-demo-modularized-rootbucket",
            "expected_bucket_owner": "",
            "id": "aht-demo-modularized-rootbucket",
            "rule": [
              {
                "apply_server_side_encryption_by_default": [
                  {
                    "kms_master_key_id": "",
                    "sse_algorithm": "AES256"
                  }
                ],
                "bucket_key_enabled": false
              }
            ]
          },
          "sensitive_attributes": [],
          "private": "bnVsbA==",
          "dependencies": [
            "module.aws_base.aws_s3_bucket.root_storage_bucket"
          ]
        }
      ]
    },
    {
      "module": "module.aws_base",
      "mode": "managed",
      "type": "aws_s3_bucket_versioning",
      "name": "versioning_example",
      "provider": "provider[\"registry.terraform.io/hashicorp/aws\"]",
      "instances": [
        {
          "schema_version": 0,
          "attributes": {
            "bucket": "aht-demo-modularized-rootbucket",
            "expected_bucket_owner": "",
            "id": "aht-demo-modularized-rootbucket",
            "mfa": null,
            "versioning_configuration": [
              {
                "mfa_delete": "",
                "status": "Disabled"
              }
            ]
          },
          "sensitive_attributes": [],
          "private": "bnVsbA==",
          "dependencies": [
            "module.aws_base.aws_s3_bucket.root_storage_bucket"
          ]
        }
      ]
    },
    {
      "module": "module.aws_base.module.vpc",
      "mode": "managed",
      "type": "aws_default_security_group",
      "name": "this",
      "provider": "provider[\"registry.terraform.io/hashicorp/aws\"]",
      "instances": [
        {
          "index_key": 0,
          "schema_version": 1,
          "attributes": {
            "arn": "arn:aws:ec2:us-west-1:332745928618:security-group/sg-0179572eb193deadb",
            "description": "default VPC security group",
            "egress": [
              {
                "cidr_blocks": [
                  "0.0.0.0/0"
                ],
                "description": "",
                "from_port": 0,
                "ipv6_cidr_blocks": [],
                "prefix_list_ids": [],
                "protocol": "-1",
                "security_groups": [],
                "self": false,
                "to_port": 0
              }
            ],
            "id": "sg-0179572eb193deadb",
            "ingress": [
              {
                "cidr_blocks": [],
                "description": "Allow all internal TCP and UDP",
                "from_port": 0,
                "ipv6_cidr_blocks": [],
                "prefix_list_ids": [],
                "protocol": "-1",
                "security_groups": [],
                "self": true,
                "to_port": 0
              }
            ],
            "name": "default",
            "owner_id": "332745928618",
            "revoke_rules_on_delete": false,
            "tags": {
              "Environment": "Demo-with-terraform",
              "Name": "aht-demo-modularized-sg"
            },
            "tags_all": {
              "Environment": "Demo-with-terraform",
              "Name": "aht-demo-modularized-sg"
            },
            "vpc_id": "vpc-0defcc82d58dc576d"
          },
          "sensitive_attributes": [],
          "private": "eyJzY2hlbWFfdmVyc2lvbiI6IjEifQ==",
          "dependencies": [
            "module.aws_base.module.vpc.aws_vpc.this"
          ]
        }
      ]
    },
    {
      "module": "module.aws_base.module.vpc",
      "mode": "managed",
      "type": "aws_eip",
      "name": "nat",
      "provider": "provider[\"registry.terraform.io/hashicorp/aws\"]",
      "instances": [
        {
          "index_key": 0,
          "schema_version": 0,
          "attributes": {
            "address": null,
            "allocation_id": "eipalloc-07b518fdd3b5e5aa3",
            "associate_with_private_ip": null,
            "association_id": "eipassoc-02504edfb3f1939ea",
            "carrier_ip": "",
            "customer_owned_ip": "",
            "customer_owned_ipv4_pool": "",
            "domain": "vpc",
            "id": "eipalloc-07b518fdd3b5e5aa3",
            "instance": "",
            "network_border_group": "us-west-1",
            "network_interface": "eni-08f22697267561624",
            "private_dns": "ip-10-4-24-245.us-west-1.compute.internal",
            "private_ip": "10.4.24.245",
            "public_dns": "ec2-50-18-49-32.us-west-1.compute.amazonaws.com",
            "public_ip": "50.18.49.32",
            "public_ipv4_pool": "amazon",
            "tags": {
              "Environment": "Demo-with-terraform",
              "Name": "aht-demo-modularized-us-west-1b"
            },
            "tags_all": {
              "Environment": "Demo-with-terraform",
              "Name": "aht-demo-modularized-us-west-1b"
            },
            "timeouts": null,
            "vpc": true
          },
          "sensitive_attributes": [],
          "private": "eyJlMmJmYjczMC1lY2FhLTExZTYtOGY4OC0zNDM2M2JjN2M0YzAiOnsiZGVsZXRlIjoxODAwMDAwMDAwMDAsInJlYWQiOjkwMDAwMDAwMDAwMCwidXBkYXRlIjozMDAwMDAwMDAwMDB9fQ==",
          "dependencies": [
            "module.aws_base.data.aws_availability_zones.available"
          ]
        }
      ]
    },
    {
      "module": "module.aws_base.module.vpc",
      "mode": "managed",
      "type": "aws_internet_gateway",
      "name": "this",
      "provider": "provider[\"registry.terraform.io/hashicorp/aws\"]",
      "instances": [
        {
          "index_key": 0,
          "schema_version": 0,
          "attributes": {
            "arn": "arn:aws:ec2:us-west-1:332745928618:internet-gateway/igw-0cef794c133340927",
            "id": "igw-0cef794c133340927",
            "owner_id": "332745928618",
            "tags": {
              "Environment": "Demo-with-terraform",
              "Name": "aht-demo-modularized"
            },
            "tags_all": {
              "Environment": "Demo-with-terraform",
              "Name": "aht-demo-modularized"
            },
            "vpc_id": "vpc-0defcc82d58dc576d"
          },
          "sensitive_attributes": [],
          "private": "bnVsbA==",
          "dependencies": [
            "module.aws_base.module.vpc.aws_vpc.this",
            "module.aws_base.module.vpc.aws_vpc_ipv4_cidr_block_association.this"
          ]
        }
      ]
    },
    {
      "module": "module.aws_base.module.vpc",
      "mode": "managed",
      "type": "aws_nat_gateway",
      "name": "this",
      "provider": "provider[\"registry.terraform.io/hashicorp/aws\"]",
      "instances": [
        {
          "index_key": 0,
          "schema_version": 0,
          "attributes": {
            "allocation_id": "eipalloc-07b518fdd3b5e5aa3",
            "connectivity_type": "public",
            "id": "nat-01abb0cc0041e2657",
            "network_interface_id": "eni-08f22697267561624",
            "private_ip": "10.4.24.245",
            "public_ip": "50.18.49.32",
            "subnet_id": "subnet-018d15d48e26d7bd7",
            "tags": {
              "Environment": "Demo-with-terraform",
              "Name": "aht-demo-modularized-us-west-1b"
            },
            "tags_all": {
              "Environment": "Demo-with-terraform",
              "Name": "aht-demo-modularized-us-west-1b"
            }
          },
          "sensitive_attributes": [],
          "private": "bnVsbA==",
          "dependencies": [
            "module.aws_base.data.aws_availability_zones.available",
            "module.aws_base.module.vpc.aws_eip.nat",
            "module.aws_base.module.vpc.aws_internet_gateway.this",
            "module.aws_base.module.vpc.aws_subnet.public",
            "module.aws_base.module.vpc.aws_vpc.this",
            "module.aws_base.module.vpc.aws_vpc_ipv4_cidr_block_association.this"
          ]
        }
      ]
    },
    {
      "module": "module.aws_base.module.vpc",
      "mode": "managed",
      "type": "aws_route",
      "name": "private_nat_gateway",
      "provider": "provider[\"registry.terraform.io/hashicorp/aws\"]",
      "instances": [
        {
          "index_key": 0,
          "schema_version": 0,
          "attributes": {
            "carrier_gateway_id": "",
            "core_network_arn": "",
            "destination_cidr_block": "0.0.0.0/0",
            "destination_ipv6_cidr_block": "",
            "destination_prefix_list_id": "",
            "egress_only_gateway_id": "",
            "gateway_id": "",
            "id": "r-rtb-00d572b4f160c85991080289494",
            "instance_id": "",
            "instance_owner_id": "",
            "local_gateway_id": "",
            "nat_gateway_id": "nat-01abb0cc0041e2657",
            "network_interface_id": "",
            "origin": "CreateRoute",
            "route_table_id": "rtb-00d572b4f160c8599",
            "state": "active",
            "timeouts": {
              "create": "5m",
              "delete": null,
              "update": null
            },
            "transit_gateway_id": "",
            "vpc_endpoint_id": "",
            "vpc_peering_connection_id": ""
          },
          "sensitive_attributes": [],
          "private": "eyJlMmJmYjczMC1lY2FhLTExZTYtOGY4OC0zNDM2M2JjN2M0YzAiOnsiY3JlYXRlIjozMDAwMDAwMDAwMDAsImRlbGV0ZSI6MzAwMDAwMDAwMDAwLCJ1cGRhdGUiOjEyMDAwMDAwMDAwMH19",
          "dependencies": [
            "module.aws_base.data.aws_availability_zones.available",
            "module.aws_base.module.vpc.aws_eip.nat",
            "module.aws_base.module.vpc.aws_internet_gateway.this",
            "module.aws_base.module.vpc.aws_nat_gateway.this",
            "module.aws_base.module.vpc.aws_route_table.private",
            "module.aws_base.module.vpc.aws_subnet.public",
            "module.aws_base.module.vpc.aws_vpc.this",
            "module.aws_base.module.vpc.aws_vpc_ipv4_cidr_block_association.this"
          ]
        }
      ]
    },
    {
      "module": "module.aws_base.module.vpc",
      "mode": "managed",
      "type": "aws_route",
      "name": "public_internet_gateway",
      "provider": "provider[\"registry.terraform.io/hashicorp/aws\"]",
      "instances": [
        {
          "index_key": 0,
          "schema_version": 0,
          "attributes": {
            "carrier_gateway_id": "",
            "core_network_arn": "",
            "destination_cidr_block": "0.0.0.0/0",
            "destination_ipv6_cidr_block": "",
            "destination_prefix_list_id": "",
            "egress_only_gateway_id": "",
            "gateway_id": "igw-0cef794c133340927",
            "id": "r-rtb-02fb55168f80a69af1080289494",
            "instance_id": "",
            "instance_owner_id": "",
            "local_gateway_id": "",
            "nat_gateway_id": "",
            "network_interface_id": "",
            "origin": "CreateRoute",
            "route_table_id": "rtb-02fb55168f80a69af",
            "state": "active",
            "timeouts": {
              "create": "5m",
              "delete": null,
              "update": null
            },
            "transit_gateway_id": "",
            "vpc_endpoint_id": "",
            "vpc_peering_connection_id": ""
          },
          "sensitive_attributes": [],
          "private": "eyJlMmJmYjczMC1lY2FhLTExZTYtOGY4OC0zNDM2M2JjN2M0YzAiOnsiY3JlYXRlIjozMDAwMDAwMDAwMDAsImRlbGV0ZSI6MzAwMDAwMDAwMDAwLCJ1cGRhdGUiOjEyMDAwMDAwMDAwMH19",
          "dependencies": [
            "module.aws_base.module.vpc.aws_internet_gateway.this",
            "module.aws_base.module.vpc.aws_route_table.public",
            "module.aws_base.module.vpc.aws_vpc.this",
            "module.aws_base.module.vpc.aws_vpc_ipv4_cidr_block_association.this"
          ]
        }
      ]
    },
    {
      "module": "module.aws_base.module.vpc",
      "mode": "managed",
      "type": "aws_route_table",
      "name": "private",
      "provider": "provider[\"registry.terraform.io/hashicorp/aws\"]",
      "instances": [
        {
          "index_key": 0,
          "schema_version": 0,
          "attributes": {
            "arn": "arn:aws:ec2:us-west-1:332745928618:route-table/rtb-00d572b4f160c8599",
            "id": "rtb-00d572b4f160c8599",
            "owner_id": "332745928618",
            "propagating_vgws": [],
            "route": [
              {
                "carrier_gateway_id": "",
                "cidr_block": "0.0.0.0/0",
                "core_network_arn": "",
                "destination_prefix_list_id": "",
                "egress_only_gateway_id": "",
                "gateway_id": "",
                "instance_id": "",
                "ipv6_cidr_block": "",
                "local_gateway_id": "",
                "nat_gateway_id": "nat-01abb0cc0041e2657",
                "network_interface_id": "",
                "transit_gateway_id": "",
                "vpc_endpoint_id": "",
                "vpc_peering_connection_id": ""
              }
            ],
            "tags": {
              "Environment": "Demo-with-terraform",
              "Name": "aht-demo-modularized-private"
            },
            "tags_all": {
              "Environment": "Demo-with-terraform",
              "Name": "aht-demo-modularized-private"
            },
            "timeouts": null,
            "vpc_id": "vpc-0defcc82d58dc576d"
          },
          "sensitive_attributes": [],
          "private": "eyJlMmJmYjczMC1lY2FhLTExZTYtOGY4OC0zNDM2M2JjN2M0YzAiOnsiY3JlYXRlIjozMDAwMDAwMDAwMDAsImRlbGV0ZSI6MzAwMDAwMDAwMDAwLCJ1cGRhdGUiOjEyMDAwMDAwMDAwMH19",
          "dependencies": [
            "module.aws_base.data.aws_availability_zones.available",
            "module.aws_base.module.vpc.aws_vpc.this",
            "module.aws_base.module.vpc.aws_vpc_ipv4_cidr_block_association.this"
          ]
        }
      ]
    },
    {
      "module": "module.aws_base.module.vpc",
      "mode": "managed",
      "type": "aws_route_table",
      "name": "public",
      "provider": "provider[\"registry.terraform.io/hashicorp/aws\"]",
      "instances": [
        {
          "index_key": 0,
          "schema_version": 0,
          "attributes": {
            "arn": "arn:aws:ec2:us-west-1:332745928618:route-table/rtb-02fb55168f80a69af",
            "id": "rtb-02fb55168f80a69af",
            "owner_id": "332745928618",
            "propagating_vgws": [],
            "route": [
              {
                "carrier_gateway_id": "",
                "cidr_block": "0.0.0.0/0",
                "core_network_arn": "",
                "destination_prefix_list_id": "",
                "egress_only_gateway_id": "",
                "gateway_id": "igw-0cef794c133340927",
                "instance_id": "",
                "ipv6_cidr_block": "",
                "local_gateway_id": "",
                "nat_gateway_id": "",
                "network_interface_id": "",
                "transit_gateway_id": "",
                "vpc_endpoint_id": "",
                "vpc_peering_connection_id": ""
              }
            ],
            "tags": {
              "Environment": "Demo-with-terraform",
              "Name": "aht-demo-modularized-public"
            },
            "tags_all": {
              "Environment": "Demo-with-terraform",
              "Name": "aht-demo-modularized-public"
            },
            "timeouts": null,
            "vpc_id": "vpc-0defcc82d58dc576d"
          },
          "sensitive_attributes": [],
          "private": "eyJlMmJmYjczMC1lY2FhLTExZTYtOGY4OC0zNDM2M2JjN2M0YzAiOnsiY3JlYXRlIjozMDAwMDAwMDAwMDAsImRlbGV0ZSI6MzAwMDAwMDAwMDAwLCJ1cGRhdGUiOjEyMDAwMDAwMDAwMH19",
          "dependencies": [
            "module.aws_base.module.vpc.aws_vpc.this",
            "module.aws_base.module.vpc.aws_vpc_ipv4_cidr_block_association.this"
          ]
        }
      ]
    },
    {
      "module": "module.aws_base.module.vpc",
      "mode": "managed",
      "type": "aws_route_table_association",
      "name": "private",
      "provider": "provider[\"registry.terraform.io/hashicorp/aws\"]",
      "instances": [
        {
          "index_key": 0,
          "schema_version": 0,
          "attributes": {
            "gateway_id": "",
            "id": "rtbassoc-0a9291098f47960ad",
            "route_table_id": "rtb-00d572b4f160c8599",
            "subnet_id": "subnet-08df760429dca0597"
          },
          "sensitive_attributes": [],
          "private": "bnVsbA==",
          "dependencies": [
            "module.aws_base.data.aws_availability_zones.available",
            "module.aws_base.module.vpc.aws_route_table.private",
            "module.aws_base.module.vpc.aws_subnet.private",
            "module.aws_base.module.vpc.aws_vpc.this",
            "module.aws_base.module.vpc.aws_vpc_ipv4_cidr_block_association.this"
          ]
        },
        {
          "index_key": 1,
          "schema_version": 0,
          "attributes": {
            "gateway_id": "",
            "id": "rtbassoc-052d848671f90664c",
            "route_table_id": "rtb-00d572b4f160c8599",
            "subnet_id": "subnet-0033b24bf6d60bf40"
          },
          "sensitive_attributes": [],
          "private": "bnVsbA==",
          "dependencies": [
            "module.aws_base.data.aws_availability_zones.available",
            "module.aws_base.module.vpc.aws_route_table.private",
            "module.aws_base.module.vpc.aws_subnet.private",
            "module.aws_base.module.vpc.aws_vpc.this",
            "module.aws_base.module.vpc.aws_vpc_ipv4_cidr_block_association.this"
          ]
        }
      ]
    },
    {
      "module": "module.aws_base.module.vpc",
      "mode": "managed",
      "type": "aws_route_table_association",
      "name": "public",
      "provider": "provider[\"registry.terraform.io/hashicorp/aws\"]",
      "instances": [
        {
          "index_key": 0,
          "schema_version": 0,
          "attributes": {
            "gateway_id": "",
            "id": "rtbassoc-05d867fc3c895acbc",
            "route_table_id": "rtb-02fb55168f80a69af",
            "subnet_id": "subnet-018d15d48e26d7bd7"
          },
          "sensitive_attributes": [],
          "private": "bnVsbA==",
          "dependencies": [
            "module.aws_base.data.aws_availability_zones.available",
            "module.aws_base.module.vpc.aws_route_table.public",
            "module.aws_base.module.vpc.aws_subnet.public",
            "module.aws_base.module.vpc.aws_vpc.this",
            "module.aws_base.module.vpc.aws_vpc_ipv4_cidr_block_association.this"
          ]
        }
      ]
    },
    {
      "module": "module.aws_base.module.vpc",
      "mode": "managed",
      "type": "aws_subnet",
      "name": "private",
      "provider": "provider[\"registry.terraform.io/hashicorp/aws\"]",
      "instances": [
        {
          "index_key": 0,
          "schema_version": 1,
          "attributes": {
            "arn": "arn:aws:ec2:us-west-1:332745928618:subnet/subnet-08df760429dca0597",
            "assign_ipv6_address_on_creation": false,
            "availability_zone": "us-west-1b",
            "availability_zone_id": "usw1-az3",
            "cidr_block": "10.4.32.0/19",
            "customer_owned_ipv4_pool": "",
            "enable_dns64": false,
            "enable_resource_name_dns_a_record_on_launch": false,
            "enable_resource_name_dns_aaaa_record_on_launch": false,
            "id": "subnet-08df760429dca0597",
            "ipv6_cidr_block": "",
            "ipv6_cidr_block_association_id": "",
            "ipv6_native": false,
            "map_customer_owned_ip_on_launch": false,
            "map_public_ip_on_launch": false,
            "outpost_arn": "",
            "owner_id": "332745928618",
            "private_dns_hostname_type_on_launch": "ip-name",
            "tags": {
              "Environment": "Demo-with-terraform",
              "Name": "aht-demo-modularized-private-us-west-1b"
            },
            "tags_all": {
              "Environment": "Demo-with-terraform",
              "Name": "aht-demo-modularized-private-us-west-1b"
            },
            "timeouts": null,
            "vpc_id": "vpc-0defcc82d58dc576d"
          },
          "sensitive_attributes": [],
          "private": "eyJlMmJmYjczMC1lY2FhLTExZTYtOGY4OC0zNDM2M2JjN2M0YzAiOnsiY3JlYXRlIjo2MDAwMDAwMDAwMDAsImRlbGV0ZSI6MTIwMDAwMDAwMDAwMH0sInNjaGVtYV92ZXJzaW9uIjoiMSJ9",
          "dependencies": [
            "module.aws_base.data.aws_availability_zones.available",
            "module.aws_base.module.vpc.aws_vpc.this",
            "module.aws_base.module.vpc.aws_vpc_ipv4_cidr_block_association.this"
          ]
        },
        {
          "index_key": 1,
          "schema_version": 1,
          "attributes": {
            "arn": "arn:aws:ec2:us-west-1:332745928618:subnet/subnet-0033b24bf6d60bf40",
            "assign_ipv6_address_on_creation": false,
            "availability_zone": "us-west-1c",
            "availability_zone_id": "usw1-az1",
            "cidr_block": "10.4.64.0/19",
            "customer_owned_ipv4_pool": "",
            "enable_dns64": false,
            "enable_resource_name_dns_a_record_on_launch": false,
            "enable_resource_name_dns_aaaa_record_on_launch": false,
            "id": "subnet-0033b24bf6d60bf40",
            "ipv6_cidr_block": "",
            "ipv6_cidr_block_association_id": "",
            "ipv6_native": false,
            "map_customer_owned_ip_on_launch": false,
            "map_public_ip_on_launch": false,
            "outpost_arn": "",
            "owner_id": "332745928618",
            "private_dns_hostname_type_on_launch": "ip-name",
            "tags": {
              "Environment": "Demo-with-terraform",
              "Name": "aht-demo-modularized-private-us-west-1c"
            },
            "tags_all": {
              "Environment": "Demo-with-terraform",
              "Name": "aht-demo-modularized-private-us-west-1c"
            },
            "timeouts": null,
            "vpc_id": "vpc-0defcc82d58dc576d"
          },
          "sensitive_attributes": [],
          "private": "eyJlMmJmYjczMC1lY2FhLTExZTYtOGY4OC0zNDM2M2JjN2M0YzAiOnsiY3JlYXRlIjo2MDAwMDAwMDAwMDAsImRlbGV0ZSI6MTIwMDAwMDAwMDAwMH0sInNjaGVtYV92ZXJzaW9uIjoiMSJ9",
          "dependencies": [
            "module.aws_base.data.aws_availability_zones.available",
            "module.aws_base.module.vpc.aws_vpc.this",
            "module.aws_base.module.vpc.aws_vpc_ipv4_cidr_block_association.this"
          ]
        }
      ]
    },
    {
      "module": "module.aws_base.module.vpc",
      "mode": "managed",
      "type": "aws_subnet",
      "name": "public",
      "provider": "provider[\"registry.terraform.io/hashicorp/aws\"]",
      "instances": [
        {
          "index_key": 0,
          "schema_version": 1,
          "attributes": {
            "arn": "arn:aws:ec2:us-west-1:332745928618:subnet/subnet-018d15d48e26d7bd7",
            "assign_ipv6_address_on_creation": false,
            "availability_zone": "us-west-1b",
            "availability_zone_id": "usw1-az3",
            "cidr_block": "10.4.0.0/19",
            "customer_owned_ipv4_pool": "",
            "enable_dns64": false,
            "enable_resource_name_dns_a_record_on_launch": false,
            "enable_resource_name_dns_aaaa_record_on_launch": false,
            "id": "subnet-018d15d48e26d7bd7",
            "ipv6_cidr_block": "",
            "ipv6_cidr_block_association_id": "",
            "ipv6_native": false,
            "map_customer_owned_ip_on_launch": false,
            "map_public_ip_on_launch": true,
            "outpost_arn": "",
            "owner_id": "332745928618",
            "private_dns_hostname_type_on_launch": "ip-name",
            "tags": {
              "Environment": "Demo-with-terraform",
              "Name": "aht-demo-modularized-public-us-west-1b"
            },
            "tags_all": {
              "Environment": "Demo-with-terraform",
              "Name": "aht-demo-modularized-public-us-west-1b"
            },
            "timeouts": null,
            "vpc_id": "vpc-0defcc82d58dc576d"
          },
          "sensitive_attributes": [],
          "private": "eyJlMmJmYjczMC1lY2FhLTExZTYtOGY4OC0zNDM2M2JjN2M0YzAiOnsiY3JlYXRlIjo2MDAwMDAwMDAwMDAsImRlbGV0ZSI6MTIwMDAwMDAwMDAwMH0sInNjaGVtYV92ZXJzaW9uIjoiMSJ9",
          "dependencies": [
            "module.aws_base.data.aws_availability_zones.available",
            "module.aws_base.module.vpc.aws_vpc.this",
            "module.aws_base.module.vpc.aws_vpc_ipv4_cidr_block_association.this"
          ]
        }
      ]
    },
    {
      "module": "module.aws_base.module.vpc",
      "mode": "managed",
      "type": "aws_vpc",
      "name": "this",
      "provider": "provider[\"registry.terraform.io/hashicorp/aws\"]",
      "instances": [
        {
          "index_key": 0,
          "schema_version": 1,
          "attributes": {
            "arn": "arn:aws:ec2:us-west-1:332745928618:vpc/vpc-0defcc82d58dc576d",
            "assign_generated_ipv6_cidr_block": false,
            "cidr_block": "10.4.0.0/16",
            "default_network_acl_id": "acl-0c11334d1e2bd8de2",
            "default_route_table_id": "rtb-0f22226ee0edfdbbe",
            "default_security_group_id": "sg-0179572eb193deadb",
            "dhcp_options_id": "dopt-0d94138f1e00deb18",
            "enable_classiclink": false,
            "enable_classiclink_dns_support": false,
            "enable_dns_hostnames": true,
            "enable_dns_support": true,
            "id": "vpc-0defcc82d58dc576d",
            "instance_tenancy": "default",
            "ipv4_ipam_pool_id": null,
            "ipv4_netmask_length": null,
            "ipv6_association_id": "",
            "ipv6_cidr_block": "",
            "ipv6_cidr_block_network_border_group": "",
            "ipv6_ipam_pool_id": "",
            "ipv6_netmask_length": 0,
            "main_route_table_id": "rtb-0f22226ee0edfdbbe",
            "owner_id": "332745928618",
            "tags": {
              "Environment": "Demo-with-terraform",
              "Name": "aht-demo-modularized"
            },
            "tags_all": {
              "Environment": "Demo-with-terraform",
              "Name": "aht-demo-modularized"
            }
          },
          "sensitive_attributes": [],
          "private": "eyJzY2hlbWFfdmVyc2lvbiI6IjEifQ=="
        }
      ]
    },
    {
      "module": "module.aws_base.module.vpc_endpoints",
      "mode": "data",
      "type": "aws_vpc_endpoint_service",
      "name": "this",
      "provider": "provider[\"registry.terraform.io/hashicorp/aws\"]",
      "instances": [
        {
          "index_key": "kinesis-streams",
          "schema_version": 0,
          "attributes": {
            "acceptance_required": false,
            "arn": "arn:aws:ec2:us-west-1:332745928618:vpc-endpoint-service/vpce-svc-07d7a78ee6705591c",
            "availability_zones": [
              "us-west-1b",
              "us-west-1c"
            ],
            "base_endpoint_dns_names": [
              "kinesis.us-west-1.vpce.amazonaws.com"
            ],
            "filter": [
              {
                "name": "service-type",
                "values": [
                  "Interface"
                ]
              }
            ],
            "id": "2849886955",
            "manages_vpc_endpoints": false,
            "owner": "amazon",
            "private_dns_name": "kinesis.us-west-1.amazonaws.com",
            "service": "kinesis-streams",
            "service_id": "vpce-svc-07d7a78ee6705591c",
            "service_name": "com.amazonaws.us-west-1.kinesis-streams",
            "service_type": "Interface",
            "tags": {},
            "vpc_endpoint_policy_supported": true
          },
          "sensitive_attributes": []
        },
        {
          "index_key": "s3",
          "schema_version": 0,
          "attributes": {
            "acceptance_required": false,
            "arn": "arn:aws:ec2:us-west-1:332745928618:vpc-endpoint-service/vpce-svc-0143d7f867930f164",
            "availability_zones": [
              "us-west-1b",
              "us-west-1c"
            ],
            "base_endpoint_dns_names": [
              "s3.us-west-1.amazonaws.com"
            ],
            "filter": [
              {
                "name": "service-type",
                "values": [
                  "Gateway"
                ]
              }
            ],
            "id": "232243903",
            "manages_vpc_endpoints": false,
            "owner": "amazon",
            "private_dns_name": "",
            "service": "s3",
            "service_id": "vpce-svc-0143d7f867930f164",
            "service_name": "com.amazonaws.us-west-1.s3",
            "service_type": "Gateway",
            "tags": {},
            "vpc_endpoint_policy_supported": true
          },
          "sensitive_attributes": []
        },
        {
          "index_key": "sts",
          "schema_version": 0,
          "attributes": {
            "acceptance_required": false,
            "arn": "arn:aws:ec2:us-west-1:332745928618:vpc-endpoint-service/vpce-svc-06cf62d19b34ef118",
            "availability_zones": [
              "us-west-1b",
              "us-west-1c"
            ],
            "base_endpoint_dns_names": [
              "sts.us-west-1.vpce.amazonaws.com"
            ],
            "filter": [
              {
                "name": "service-type",
                "values": [
                  "Interface"
                ]
              }
            ],
            "id": "4293226262",
            "manages_vpc_endpoints": false,
            "owner": "amazon",
            "private_dns_name": "sts.us-west-1.amazonaws.com",
            "service": "sts",
            "service_id": "vpce-svc-06cf62d19b34ef118",
            "service_name": "com.amazonaws.us-west-1.sts",
            "service_type": "Interface",
            "tags": {},
            "vpc_endpoint_policy_supported": true
          },
          "sensitive_attributes": []
        }
      ]
    },
    {
      "module": "module.aws_base.module.vpc_endpoints",
      "mode": "managed",
      "type": "aws_vpc_endpoint",
      "name": "this",
      "provider": "provider[\"registry.terraform.io/hashicorp/aws\"]",
      "instances": [
        {
          "index_key": "kinesis-streams",
          "schema_version": 0,
          "attributes": {
            "arn": "arn:aws:ec2:us-west-1:332745928618:vpc-endpoint/vpce-06c0b809817f89abe",
            "auto_accept": null,
            "cidr_blocks": [],
            "dns_entry": [
              {
                "dns_name": "vpce-06c0b809817f89abe-3kzdarbh.kinesis.us-west-1.vpce.amazonaws.com",
                "hosted_zone_id": "Z12I86A8N7VCZO"
              },
              {
                "dns_name": "vpce-06c0b809817f89abe-3kzdarbh-us-west-1c.kinesis.us-west-1.vpce.amazonaws.com",
                "hosted_zone_id": "Z12I86A8N7VCZO"
              },
              {
                "dns_name": "vpce-06c0b809817f89abe-3kzdarbh-us-west-1b.kinesis.us-west-1.vpce.amazonaws.com",
                "hosted_zone_id": "Z12I86A8N7VCZO"
              },
              {
                "dns_name": "kinesis.us-west-1.amazonaws.com",
                "hosted_zone_id": "Z0828823MYEED5I7RGYL"
              },
              {
                "dns_name": "control-kinesis.us-west-1.amazonaws.com",
                "hosted_zone_id": "Z08309552JBGG2VE3K2XH"
              },
              {
                "dns_name": "*.control-kinesis.us-west-1.amazonaws.com",
                "hosted_zone_id": "Z08309552JBGG2VE3K2XH"
              },
              {
                "dns_name": "data-kinesis.us-west-1.amazonaws.com",
                "hosted_zone_id": "Z082884236F9XV7NFU4X8"
              },
              {
                "dns_name": "*.data-kinesis.us-west-1.amazonaws.com",
                "hosted_zone_id": "Z082884236F9XV7NFU4X8"
              }
            ],
            "id": "vpce-06c0b809817f89abe",
            "network_interface_ids": [
              "eni-09ad081a89f9497a1",
              "eni-0cc849290fe8a4654"
            ],
            "owner_id": "332745928618",
            "policy": "{\"Statement\":[{\"Action\":\"*\",\"Effect\":\"Allow\",\"Principal\":\"*\",\"Resource\":\"*\"}]}",
            "prefix_list_id": null,
            "private_dns_enabled": true,
            "requester_managed": false,
            "route_table_ids": [],
            "security_group_ids": [
              "sg-0179572eb193deadb"
            ],
            "service_name": "com.amazonaws.us-west-1.kinesis-streams",
            "state": "available",
            "subnet_ids": [
              "subnet-0033b24bf6d60bf40",
              "subnet-08df760429dca0597"
            ],
            "tags": {
              "Environment": "Demo-with-terraform",
              "Name": "aht-demo-modularized-kinesis-vpc-endpoint"
            },
            "tags_all": {
              "Environment": "Demo-with-terraform",
              "Name": "aht-demo-modularized-kinesis-vpc-endpoint"
            },
            "timeouts": {
              "create": "10m",
              "delete": "10m",
              "update": "10m"
            },
            "vpc_endpoint_type": "Interface",
            "vpc_id": "vpc-0defcc82d58dc576d"
          },
          "sensitive_attributes": [],
          "private": "eyJlMmJmYjczMC1lY2FhLTExZTYtOGY4OC0zNDM2M2JjN2M0YzAiOnsiY3JlYXRlIjo2MDAwMDAwMDAwMDAsImRlbGV0ZSI6NjAwMDAwMDAwMDAwLCJ1cGRhdGUiOjYwMDAwMDAwMDAwMH19",
          "dependencies": [
            "module.aws_base.data.aws_availability_zones.available",
            "module.aws_base.module.vpc.aws_route_table.private",
            "module.aws_base.module.vpc.aws_route_table.public",
            "module.aws_base.module.vpc.aws_subnet.private",
            "module.aws_base.module.vpc.aws_vpc.this",
            "module.aws_base.module.vpc.aws_vpc_ipv4_cidr_block_association.this",
            "module.aws_base.module.vpc_endpoints.data.aws_vpc_endpoint_service.this"
          ]
        },
        {
          "index_key": "s3",
          "schema_version": 0,
          "attributes": {
            "arn": "arn:aws:ec2:us-west-1:332745928618:vpc-endpoint/vpce-0e752a0a347c6e3b1",
            "auto_accept": null,
            "cidr_blocks": [
              "52.219.220.0/23",
              "52.219.120.0/22",
              "16.15.0.0/21",
              "52.219.216.0/23",
              "52.219.194.0/24",
              "52.219.24.0/21",
              "52.219.112.0/21",
              "3.5.160.0/22",
              "52.219.255.0/24",
              "52.219.192.0/23"
            ],
            "dns_entry": [],
            "id": "vpce-0e752a0a347c6e3b1",
            "network_interface_ids": [],
            "owner_id": "332745928618",
            "policy": "{\"Statement\":[{\"Action\":\"*\",\"Effect\":\"Allow\",\"Principal\":\"*\",\"Resource\":\"*\"}],\"Version\":\"2008-10-17\"}",
            "prefix_list_id": "pl-6ba54002",
            "private_dns_enabled": false,
            "requester_managed": false,
            "route_table_ids": [
              "rtb-00d572b4f160c8599",
              "rtb-02fb55168f80a69af"
            ],
            "security_group_ids": [],
            "service_name": "com.amazonaws.us-west-1.s3",
            "state": "available",
            "subnet_ids": [],
            "tags": {
              "Environment": "Demo-with-terraform",
              "Name": "aht-demo-modularized-s3-vpc-endpoint"
            },
            "tags_all": {
              "Environment": "Demo-with-terraform",
              "Name": "aht-demo-modularized-s3-vpc-endpoint"
            },
            "timeouts": {
              "create": "10m",
              "delete": "10m",
              "update": "10m"
            },
            "vpc_endpoint_type": "Gateway",
            "vpc_id": "vpc-0defcc82d58dc576d"
          },
          "sensitive_attributes": [],
          "private": "eyJlMmJmYjczMC1lY2FhLTExZTYtOGY4OC0zNDM2M2JjN2M0YzAiOnsiY3JlYXRlIjo2MDAwMDAwMDAwMDAsImRlbGV0ZSI6NjAwMDAwMDAwMDAwLCJ1cGRhdGUiOjYwMDAwMDAwMDAwMH19",
          "dependencies": [
            "module.aws_base.data.aws_availability_zones.available",
            "module.aws_base.module.vpc.aws_route_table.private",
            "module.aws_base.module.vpc.aws_route_table.public",
            "module.aws_base.module.vpc.aws_subnet.private",
            "module.aws_base.module.vpc.aws_vpc.this",
            "module.aws_base.module.vpc.aws_vpc_ipv4_cidr_block_association.this",
            "module.aws_base.module.vpc_endpoints.data.aws_vpc_endpoint_service.this"
          ]
        },
        {
          "index_key": "sts",
          "schema_version": 0,
          "attributes": {
            "arn": "arn:aws:ec2:us-west-1:332745928618:vpc-endpoint/vpce-0aa0831c7504f7c95",
            "auto_accept": null,
            "cidr_blocks": [],
            "dns_entry": [
              {
                "dns_name": "vpce-0aa0831c7504f7c95-yb887a68.sts.us-west-1.vpce.amazonaws.com",
                "hosted_zone_id": "Z12I86A8N7VCZO"
              },
              {
                "dns_name": "vpce-0aa0831c7504f7c95-yb887a68-us-west-1c.sts.us-west-1.vpce.amazonaws.com",
                "hosted_zone_id": "Z12I86A8N7VCZO"
              },
              {
                "dns_name": "vpce-0aa0831c7504f7c95-yb887a68-us-west-1b.sts.us-west-1.vpce.amazonaws.com",
                "hosted_zone_id": "Z12I86A8N7VCZO"
              },
              {
                "dns_name": "sts.us-west-1.amazonaws.com",
                "hosted_zone_id": "Z0174421V3OPVQ3NH9M0"
              }
            ],
            "id": "vpce-0aa0831c7504f7c95",
            "network_interface_ids": [
              "eni-05f20c0895f58f0dc",
              "eni-0912385541277cd3f"
            ],
            "owner_id": "332745928618",
            "policy": "{\"Statement\":[{\"Action\":\"*\",\"Effect\":\"Allow\",\"Principal\":\"*\",\"Resource\":\"*\"}]}",
            "prefix_list_id": null,
            "private_dns_enabled": true,
            "requester_managed": false,
            "route_table_ids": [],
            "security_group_ids": [
              "sg-0179572eb193deadb"
            ],
            "service_name": "com.amazonaws.us-west-1.sts",
            "state": "available",
            "subnet_ids": [
              "subnet-0033b24bf6d60bf40",
              "subnet-08df760429dca0597"
            ],
            "tags": {
              "Environment": "Demo-with-terraform",
              "Name": "aht-demo-modularized-sts-vpc-endpoint"
            },
            "tags_all": {
              "Environment": "Demo-with-terraform",
              "Name": "aht-demo-modularized-sts-vpc-endpoint"
            },
            "timeouts": {
              "create": "10m",
              "delete": "10m",
              "update": "10m"
            },
            "vpc_endpoint_type": "Interface",
            "vpc_id": "vpc-0defcc82d58dc576d"
          },
          "sensitive_attributes": [],
          "private": "eyJlMmJmYjczMC1lY2FhLTExZTYtOGY4OC0zNDM2M2JjN2M0YzAiOnsiY3JlYXRlIjo2MDAwMDAwMDAwMDAsImRlbGV0ZSI6NjAwMDAwMDAwMDAwLCJ1cGRhdGUiOjYwMDAwMDAwMDAwMH19",
          "dependencies": [
            "module.aws_base.data.aws_availability_zones.available",
            "module.aws_base.module.vpc.aws_route_table.private",
            "module.aws_base.module.vpc.aws_route_table.public",
            "module.aws_base.module.vpc.aws_subnet.private",
            "module.aws_base.module.vpc.aws_vpc.this",
            "module.aws_base.module.vpc.aws_vpc_ipv4_cidr_block_association.this",
            "module.aws_base.module.vpc_endpoints.data.aws_vpc_endpoint_service.this"
          ]
        }
      ]
    },
    {
      "module": "module.databricks_workspace",
      "mode": "managed",
      "type": "databricks_mws_credentials",
      "name": "this",
      "provider": "provider[\"registry.terraform.io/databricks/databricks\"].mws",
      "instances": [
        {
          "schema_version": 0,
          "attributes": {
            "account_id": "0d26daa6-5e44-4c97-a497-ef015f91254a",
            "creation_time": 1710706157045,
            "credentials_id": "d52aeaa1-74a5-415f-a7d7-e5772e7d0c6e",
            "credentials_name": "aht-demo-modularized-cross-account-role",
            "external_id": "0d26daa6-5e44-4c97-a497-ef015f91254a",
            "id": "0d26daa6-5e44-4c97-a497-ef015f91254a/d52aeaa1-74a5-415f-a7d7-e5772e7d0c6e",
            "role_arn": "arn:aws:iam::332745928618:role/aht-demo-modularized-crossaccount"
          },
          "sensitive_attributes": [],
          "private": "bnVsbA==",
          "dependencies": [
            "module.aws_base.aws_iam_role.cross_account_role",
            "module.aws_base.aws_iam_role_policy.this",
            "module.aws_base.aws_s3_bucket.root_storage_bucket",
            "module.aws_base.aws_s3_bucket_policy.root_bucket_policy",
            "module.aws_base.aws_s3_bucket_public_access_block.root_storage_bucket",
            "module.aws_base.aws_s3_bucket_server_side_encryption_configuration.root_storage_bucket",
            "module.aws_base.aws_s3_bucket_versioning.versioning_example",
            "module.aws_base.data.aws_availability_zones.available",
            "module.aws_base.data.databricks_aws_assume_role_policy.this",
            "module.aws_base.data.databricks_aws_bucket_policy.this",
            "module.aws_base.data.databricks_aws_crossaccount_policy.this",
            "module.aws_base.module.vpc.aws_cloudwatch_log_group.flow_log",
            "module.aws_base.module.vpc.aws_customer_gateway.this",
            "module.aws_base.module.vpc.aws_db_subnet_group.database",
            "module.aws_base.module.vpc.aws_default_network_acl.this",
            "module.aws_base.module.vpc.aws_default_route_table.default",
            "module.aws_base.module.vpc.aws_default_security_group.this",
            "module.aws_base.module.vpc.aws_default_vpc.this",
            "module.aws_base.module.vpc.aws_egress_only_internet_gateway.this",
            "module.aws_base.module.vpc.aws_eip.nat",
            "module.aws_base.module.vpc.aws_elasticache_subnet_group.elasticache",
            "module.aws_base.module.vpc.aws_flow_log.this",
            "module.aws_base.module.vpc.aws_iam_policy.vpc_flow_log_cloudwatch",
            "module.aws_base.module.vpc.aws_iam_role.vpc_flow_log_cloudwatch",
            "module.aws_base.module.vpc.aws_iam_role_policy_attachment.vpc_flow_log_cloudwatch",
            "module.aws_base.module.vpc.aws_internet_gateway.this",
            "module.aws_base.module.vpc.aws_nat_gateway.this",
            "module.aws_base.module.vpc.aws_network_acl.database",
            "module.aws_base.module.vpc.aws_network_acl.elasticache",
            "module.aws_base.module.vpc.aws_network_acl.intra",
            "module.aws_base.module.vpc.aws_network_acl.outpost",
            "module.aws_base.module.vpc.aws_network_acl.private",
            "module.aws_base.module.vpc.aws_network_acl.public",
            "module.aws_base.module.vpc.aws_network_acl.redshift",
            "module.aws_base.module.vpc.aws_network_acl_rule.database_inbound",
            "module.aws_base.module.vpc.aws_network_acl_rule.database_outbound",
            "module.aws_base.module.vpc.aws_network_acl_rule.elasticache_inbound",
            "module.aws_base.module.vpc.aws_network_acl_rule.elasticache_outbound",
            "module.aws_base.module.vpc.aws_network_acl_rule.intra_inbound",
            "module.aws_base.module.vpc.aws_network_acl_rule.intra_outbound",
            "module.aws_base.module.vpc.aws_network_acl_rule.outpost_inbound",
            "module.aws_base.module.vpc.aws_network_acl_rule.outpost_outbound",
            "module.aws_base.module.vpc.aws_network_acl_rule.private_inbound",
            "module.aws_base.module.vpc.aws_network_acl_rule.private_outbound",
            "module.aws_base.module.vpc.aws_network_acl_rule.public_inbound",
            "module.aws_base.module.vpc.aws_network_acl_rule.public_outbound",
            "module.aws_base.module.vpc.aws_network_acl_rule.redshift_inbound",
            "module.aws_base.module.vpc.aws_network_acl_rule.redshift_outbound",
            "module.aws_base.module.vpc.aws_redshift_subnet_group.redshift",
            "module.aws_base.module.vpc.aws_route.database_internet_gateway",
            "module.aws_base.module.vpc.aws_route.database_ipv6_egress",
            "module.aws_base.module.vpc.aws_route.database_nat_gateway",
            "module.aws_base.module.vpc.aws_route.private_ipv6_egress",
            "module.aws_base.module.vpc.aws_route.private_nat_gateway",
            "module.aws_base.module.vpc.aws_route.public_internet_gateway",
            "module.aws_base.module.vpc.aws_route.public_internet_gateway_ipv6",
            "module.aws_base.module.vpc.aws_route_table.database",
            "module.aws_base.module.vpc.aws_route_table.elasticache",
            "module.aws_base.module.vpc.aws_route_table.intra",
            "module.aws_base.module.vpc.aws_route_table.private",
            "module.aws_base.module.vpc.aws_route_table.public",
            "module.aws_base.module.vpc.aws_route_table.redshift",
            "module.aws_base.module.vpc.aws_route_table_association.database",
            "module.aws_base.module.vpc.aws_route_table_association.elasticache",
            "module.aws_base.module.vpc.aws_route_table_association.intra",
            "module.aws_base.module.vpc.aws_route_table_association.outpost",
            "module.aws_base.module.vpc.aws_route_table_association.private",
            "module.aws_base.module.vpc.aws_route_table_association.public",
            "module.aws_base.module.vpc.aws_route_table_association.redshift",
            "module.aws_base.module.vpc.aws_route_table_association.redshift_public",
            "module.aws_base.module.vpc.aws_subnet.database",
            "module.aws_base.module.vpc.aws_subnet.elasticache",
            "module.aws_base.module.vpc.aws_subnet.intra",
            "module.aws_base.module.vpc.aws_subnet.outpost",
            "module.aws_base.module.vpc.aws_subnet.private",
            "module.aws_base.module.vpc.aws_subnet.public",
            "module.aws_base.module.vpc.aws_subnet.redshift",
            "module.aws_base.module.vpc.aws_vpc.this",
            "module.aws_base.module.vpc.aws_vpc_dhcp_options.this",
            "module.aws_base.module.vpc.aws_vpc_dhcp_options_association.this",
            "module.aws_base.module.vpc.aws_vpc_ipv4_cidr_block_association.this",
            "module.aws_base.module.vpc.aws_vpn_gateway.this",
            "module.aws_base.module.vpc.aws_vpn_gateway_attachment.this",
            "module.aws_base.module.vpc.aws_vpn_gateway_route_propagation.intra",
            "module.aws_base.module.vpc.aws_vpn_gateway_route_propagation.private",
            "module.aws_base.module.vpc.aws_vpn_gateway_route_propagation.public",
            "module.aws_base.module.vpc.data.aws_iam_policy_document.flow_log_cloudwatch_assume_role",
            "module.aws_base.module.vpc.data.aws_iam_policy_document.vpc_flow_log_cloudwatch",
            "module.aws_base.module.vpc_endpoints.aws_vpc_endpoint.this",
            "module.aws_base.module.vpc_endpoints.data.aws_vpc_endpoint_service.this",
            "time_sleep.wait"
          ]
        }
      ]
    },
    {
      "module": "module.databricks_workspace",
      "mode": "managed",
      "type": "databricks_mws_networks",
      "name": "this",
      "provider": "provider[\"registry.terraform.io/databricks/databricks\"].mws",
      "instances": [
        {
          "schema_version": 0,
          "attributes": {
            "account_id": "0d26daa6-5e44-4c97-a497-ef015f91254a",
            "creation_time": 1710706156708,
            "error_messages": [],
            "gcp_network_info": [],
            "id": "0d26daa6-5e44-4c97-a497-ef015f91254a/befc3857-850b-4540-8757-0945c8e8c007",
            "network_id": "befc3857-850b-4540-8757-0945c8e8c007",
            "network_name": "aht-demo-modularized-network",
            "security_group_ids": [
              "sg-0179572eb193deadb"
            ],
            "subnet_ids": [
              "subnet-0033b24bf6d60bf40",
              "subnet-08df760429dca0597"
            ],
            "vpc_endpoints": [],
            "vpc_id": "vpc-0defcc82d58dc576d",
            "vpc_status": "VALID",
            "workspace_id": 4999017974145740
          },
          "sensitive_attributes": [],
          "private": "bnVsbA==",
          "dependencies": [
            "module.aws_base.aws_iam_role.cross_account_role",
            "module.aws_base.aws_iam_role_policy.this",
            "module.aws_base.aws_s3_bucket.root_storage_bucket",
            "module.aws_base.aws_s3_bucket_policy.root_bucket_policy",
            "module.aws_base.aws_s3_bucket_public_access_block.root_storage_bucket",
            "module.aws_base.aws_s3_bucket_server_side_encryption_configuration.root_storage_bucket",
            "module.aws_base.aws_s3_bucket_versioning.versioning_example",
            "module.aws_base.data.aws_availability_zones.available",
            "module.aws_base.data.databricks_aws_assume_role_policy.this",
            "module.aws_base.data.databricks_aws_bucket_policy.this",
            "module.aws_base.data.databricks_aws_crossaccount_policy.this",
            "module.aws_base.module.vpc.aws_cloudwatch_log_group.flow_log",
            "module.aws_base.module.vpc.aws_customer_gateway.this",
            "module.aws_base.module.vpc.aws_db_subnet_group.database",
            "module.aws_base.module.vpc.aws_default_network_acl.this",
            "module.aws_base.module.vpc.aws_default_route_table.default",
            "module.aws_base.module.vpc.aws_default_security_group.this",
            "module.aws_base.module.vpc.aws_default_vpc.this",
            "module.aws_base.module.vpc.aws_egress_only_internet_gateway.this",
            "module.aws_base.module.vpc.aws_eip.nat",
            "module.aws_base.module.vpc.aws_elasticache_subnet_group.elasticache",
            "module.aws_base.module.vpc.aws_flow_log.this",
            "module.aws_base.module.vpc.aws_iam_policy.vpc_flow_log_cloudwatch",
            "module.aws_base.module.vpc.aws_iam_role.vpc_flow_log_cloudwatch",
            "module.aws_base.module.vpc.aws_iam_role_policy_attachment.vpc_flow_log_cloudwatch",
            "module.aws_base.module.vpc.aws_internet_gateway.this",
            "module.aws_base.module.vpc.aws_nat_gateway.this",
            "module.aws_base.module.vpc.aws_network_acl.database",
            "module.aws_base.module.vpc.aws_network_acl.elasticache",
            "module.aws_base.module.vpc.aws_network_acl.intra",
            "module.aws_base.module.vpc.aws_network_acl.outpost",
            "module.aws_base.module.vpc.aws_network_acl.private",
            "module.aws_base.module.vpc.aws_network_acl.public",
            "module.aws_base.module.vpc.aws_network_acl.redshift",
            "module.aws_base.module.vpc.aws_network_acl_rule.database_inbound",
            "module.aws_base.module.vpc.aws_network_acl_rule.database_outbound",
            "module.aws_base.module.vpc.aws_network_acl_rule.elasticache_inbound",
            "module.aws_base.module.vpc.aws_network_acl_rule.elasticache_outbound",
            "module.aws_base.module.vpc.aws_network_acl_rule.intra_inbound",
            "module.aws_base.module.vpc.aws_network_acl_rule.intra_outbound",
            "module.aws_base.module.vpc.aws_network_acl_rule.outpost_inbound",
            "module.aws_base.module.vpc.aws_network_acl_rule.outpost_outbound",
            "module.aws_base.module.vpc.aws_network_acl_rule.private_inbound",
            "module.aws_base.module.vpc.aws_network_acl_rule.private_outbound",
            "module.aws_base.module.vpc.aws_network_acl_rule.public_inbound",
            "module.aws_base.module.vpc.aws_network_acl_rule.public_outbound",
            "module.aws_base.module.vpc.aws_network_acl_rule.redshift_inbound",
            "module.aws_base.module.vpc.aws_network_acl_rule.redshift_outbound",
            "module.aws_base.module.vpc.aws_redshift_subnet_group.redshift",
            "module.aws_base.module.vpc.aws_route.database_internet_gateway",
            "module.aws_base.module.vpc.aws_route.database_ipv6_egress",
            "module.aws_base.module.vpc.aws_route.database_nat_gateway",
            "module.aws_base.module.vpc.aws_route.private_ipv6_egress",
            "module.aws_base.module.vpc.aws_route.private_nat_gateway",
            "module.aws_base.module.vpc.aws_route.public_internet_gateway",
            "module.aws_base.module.vpc.aws_route.public_internet_gateway_ipv6",
            "module.aws_base.module.vpc.aws_route_table.database",
            "module.aws_base.module.vpc.aws_route_table.elasticache",
            "module.aws_base.module.vpc.aws_route_table.intra",
            "module.aws_base.module.vpc.aws_route_table.private",
            "module.aws_base.module.vpc.aws_route_table.public",
            "module.aws_base.module.vpc.aws_route_table.redshift",
            "module.aws_base.module.vpc.aws_route_table_association.database",
            "module.aws_base.module.vpc.aws_route_table_association.elasticache",
            "module.aws_base.module.vpc.aws_route_table_association.intra",
            "module.aws_base.module.vpc.aws_route_table_association.outpost",
            "module.aws_base.module.vpc.aws_route_table_association.private",
            "module.aws_base.module.vpc.aws_route_table_association.public",
            "module.aws_base.module.vpc.aws_route_table_association.redshift",
            "module.aws_base.module.vpc.aws_route_table_association.redshift_public",
            "module.aws_base.module.vpc.aws_subnet.database",
            "module.aws_base.module.vpc.aws_subnet.elasticache",
            "module.aws_base.module.vpc.aws_subnet.intra",
            "module.aws_base.module.vpc.aws_subnet.outpost",
            "module.aws_base.module.vpc.aws_subnet.private",
            "module.aws_base.module.vpc.aws_subnet.public",
            "module.aws_base.module.vpc.aws_subnet.redshift",
            "module.aws_base.module.vpc.aws_vpc.this",
            "module.aws_base.module.vpc.aws_vpc_dhcp_options.this",
            "module.aws_base.module.vpc.aws_vpc_dhcp_options_association.this",
            "module.aws_base.module.vpc.aws_vpc_ipv4_cidr_block_association.this",
            "module.aws_base.module.vpc.aws_vpn_gateway.this",
            "module.aws_base.module.vpc.aws_vpn_gateway_attachment.this",
            "module.aws_base.module.vpc.aws_vpn_gateway_route_propagation.intra",
            "module.aws_base.module.vpc.aws_vpn_gateway_route_propagation.private",
            "module.aws_base.module.vpc.aws_vpn_gateway_route_propagation.public",
            "module.aws_base.module.vpc.data.aws_iam_policy_document.flow_log_cloudwatch_assume_role",
            "module.aws_base.module.vpc.data.aws_iam_policy_document.vpc_flow_log_cloudwatch",
            "module.aws_base.module.vpc_endpoints.aws_vpc_endpoint.this",
            "module.aws_base.module.vpc_endpoints.data.aws_vpc_endpoint_service.this",
            "time_sleep.wait"
          ]
        }
      ]
    },
    {
      "module": "module.databricks_workspace",
      "mode": "managed",
      "type": "databricks_mws_storage_configurations",
      "name": "this",
      "provider": "provider[\"registry.terraform.io/databricks/databricks\"].mws",
      "instances": [
        {
          "schema_version": 0,
          "attributes": {
            "account_id": "0d26daa6-5e44-4c97-a497-ef015f91254a",
            "bucket_name": "aht-demo-modularized-rootbucket",
            "creation_time": 1710706156705,
            "id": "0d26daa6-5e44-4c97-a497-ef015f91254a/90055955-8555-458e-a0eb-493cf1174cc2",
            "storage_configuration_id": "90055955-8555-458e-a0eb-493cf1174cc2",
            "storage_configuration_name": "aht-demo-modularized-storage"
          },
          "sensitive_attributes": [],
          "private": "bnVsbA==",
          "dependencies": [
            "module.aws_base.aws_iam_role.cross_account_role",
            "module.aws_base.aws_iam_role_policy.this",
            "module.aws_base.aws_s3_bucket.root_storage_bucket",
            "module.aws_base.aws_s3_bucket_policy.root_bucket_policy",
            "module.aws_base.aws_s3_bucket_public_access_block.root_storage_bucket",
            "module.aws_base.aws_s3_bucket_server_side_encryption_configuration.root_storage_bucket",
            "module.aws_base.aws_s3_bucket_versioning.versioning_example",
            "module.aws_base.data.aws_availability_zones.available",
            "module.aws_base.data.databricks_aws_assume_role_policy.this",
            "module.aws_base.data.databricks_aws_bucket_policy.this",
            "module.aws_base.data.databricks_aws_crossaccount_policy.this",
            "module.aws_base.module.vpc.aws_cloudwatch_log_group.flow_log",
            "module.aws_base.module.vpc.aws_customer_gateway.this",
            "module.aws_base.module.vpc.aws_db_subnet_group.database",
            "module.aws_base.module.vpc.aws_default_network_acl.this",
            "module.aws_base.module.vpc.aws_default_route_table.default",
            "module.aws_base.module.vpc.aws_default_security_group.this",
            "module.aws_base.module.vpc.aws_default_vpc.this",
            "module.aws_base.module.vpc.aws_egress_only_internet_gateway.this",
            "module.aws_base.module.vpc.aws_eip.nat",
            "module.aws_base.module.vpc.aws_elasticache_subnet_group.elasticache",
            "module.aws_base.module.vpc.aws_flow_log.this",
            "module.aws_base.module.vpc.aws_iam_policy.vpc_flow_log_cloudwatch",
            "module.aws_base.module.vpc.aws_iam_role.vpc_flow_log_cloudwatch",
            "module.aws_base.module.vpc.aws_iam_role_policy_attachment.vpc_flow_log_cloudwatch",
            "module.aws_base.module.vpc.aws_internet_gateway.this",
            "module.aws_base.module.vpc.aws_nat_gateway.this",
            "module.aws_base.module.vpc.aws_network_acl.database",
            "module.aws_base.module.vpc.aws_network_acl.elasticache",
            "module.aws_base.module.vpc.aws_network_acl.intra",
            "module.aws_base.module.vpc.aws_network_acl.outpost",
            "module.aws_base.module.vpc.aws_network_acl.private",
            "module.aws_base.module.vpc.aws_network_acl.public",
            "module.aws_base.module.vpc.aws_network_acl.redshift",
            "module.aws_base.module.vpc.aws_network_acl_rule.database_inbound",
            "module.aws_base.module.vpc.aws_network_acl_rule.database_outbound",
            "module.aws_base.module.vpc.aws_network_acl_rule.elasticache_inbound",
            "module.aws_base.module.vpc.aws_network_acl_rule.elasticache_outbound",
            "module.aws_base.module.vpc.aws_network_acl_rule.intra_inbound",
            "module.aws_base.module.vpc.aws_network_acl_rule.intra_outbound",
            "module.aws_base.module.vpc.aws_network_acl_rule.outpost_inbound",
            "module.aws_base.module.vpc.aws_network_acl_rule.outpost_outbound",
            "module.aws_base.module.vpc.aws_network_acl_rule.private_inbound",
            "module.aws_base.module.vpc.aws_network_acl_rule.private_outbound",
            "module.aws_base.module.vpc.aws_network_acl_rule.public_inbound",
            "module.aws_base.module.vpc.aws_network_acl_rule.public_outbound",
            "module.aws_base.module.vpc.aws_network_acl_rule.redshift_inbound",
            "module.aws_base.module.vpc.aws_network_acl_rule.redshift_outbound",
            "module.aws_base.module.vpc.aws_redshift_subnet_group.redshift",
            "module.aws_base.module.vpc.aws_route.database_internet_gateway",
            "module.aws_base.module.vpc.aws_route.database_ipv6_egress",
            "module.aws_base.module.vpc.aws_route.database_nat_gateway",
            "module.aws_base.module.vpc.aws_route.private_ipv6_egress",
            "module.aws_base.module.vpc.aws_route.private_nat_gateway",
            "module.aws_base.module.vpc.aws_route.public_internet_gateway",
            "module.aws_base.module.vpc.aws_route.public_internet_gateway_ipv6",
            "module.aws_base.module.vpc.aws_route_table.database",
            "module.aws_base.module.vpc.aws_route_table.elasticache",
            "module.aws_base.module.vpc.aws_route_table.intra",
            "module.aws_base.module.vpc.aws_route_table.private",
            "module.aws_base.module.vpc.aws_route_table.public",
            "module.aws_base.module.vpc.aws_route_table.redshift",
            "module.aws_base.module.vpc.aws_route_table_association.database",
            "module.aws_base.module.vpc.aws_route_table_association.elasticache",
            "module.aws_base.module.vpc.aws_route_table_association.intra",
            "module.aws_base.module.vpc.aws_route_table_association.outpost",
            "module.aws_base.module.vpc.aws_route_table_association.private",
            "module.aws_base.module.vpc.aws_route_table_association.public",
            "module.aws_base.module.vpc.aws_route_table_association.redshift",
            "module.aws_base.module.vpc.aws_route_table_association.redshift_public",
            "module.aws_base.module.vpc.aws_subnet.database",
            "module.aws_base.module.vpc.aws_subnet.elasticache",
            "module.aws_base.module.vpc.aws_subnet.intra",
            "module.aws_base.module.vpc.aws_subnet.outpost",
            "module.aws_base.module.vpc.aws_subnet.private",
            "module.aws_base.module.vpc.aws_subnet.public",
            "module.aws_base.module.vpc.aws_subnet.redshift",
            "module.aws_base.module.vpc.aws_vpc.this",
            "module.aws_base.module.vpc.aws_vpc_dhcp_options.this",
            "module.aws_base.module.vpc.aws_vpc_dhcp_options_association.this",
            "module.aws_base.module.vpc.aws_vpc_ipv4_cidr_block_association.this",
            "module.aws_base.module.vpc.aws_vpn_gateway.this",
            "module.aws_base.module.vpc.aws_vpn_gateway_attachment.this",
            "module.aws_base.module.vpc.aws_vpn_gateway_route_propagation.intra",
            "module.aws_base.module.vpc.aws_vpn_gateway_route_propagation.private",
            "module.aws_base.module.vpc.aws_vpn_gateway_route_propagation.public",
            "module.aws_base.module.vpc.data.aws_iam_policy_document.flow_log_cloudwatch_assume_role",
            "module.aws_base.module.vpc.data.aws_iam_policy_document.vpc_flow_log_cloudwatch",
            "module.aws_base.module.vpc_endpoints.aws_vpc_endpoint.this",
            "module.aws_base.module.vpc_endpoints.data.aws_vpc_endpoint_service.this",
            "time_sleep.wait"
          ]
        }
      ]
    },
    {
      "module": "module.databricks_workspace",
      "mode": "managed",
      "type": "databricks_mws_workspaces",
      "name": "this",
      "provider": "provider[\"registry.terraform.io/databricks/databricks\"].mws",
      "instances": [
        {
          "schema_version": 3,
          "attributes": {
            "account_id": "0d26daa6-5e44-4c97-a497-ef015f91254a",
            "aws_region": "us-west-1",
            "cloud": null,
            "cloud_resource_container": [],
            "creation_time": 1710708800108,
            "credentials_id": "d52aeaa1-74a5-415f-a7d7-e5772e7d0c6e",
            "custom_tags": null,
            "customer_managed_key_id": null,
            "deployment_name": "dbc-444f7c8d-11d3",
            "external_customer_info": [],
            "gcp_managed_network_config": [],
            "gke_config": [],
            "id": "0d26daa6-5e44-4c97-a497-ef015f91254a/4999017974145740",
            "is_no_public_ip_enabled": true,
            "location": null,
            "managed_services_customer_managed_key_id": null,
            "network_id": "befc3857-850b-4540-8757-0945c8e8c007",
            "pricing_tier": "ENTERPRISE",
            "private_access_settings_id": null,
            "storage_configuration_id": "90055955-8555-458e-a0eb-493cf1174cc2",
            "storage_customer_managed_key_id": null,
            "timeouts": null,
            "token": [],
            "workspace_id": 4999017974145740,
            "workspace_name": "aht-oneenv-modularized",
            "workspace_status": "RUNNING",
            "workspace_status_message": "Workspace is running.",
            "workspace_url": "https://dbc-444f7c8d-11d3.cloud.databricks.com"
          },
          "sensitive_attributes": [],
          "private": "eyJlMmJmYjczMC1lY2FhLTExZTYtOGY4OC0zNDM2M2JjN2M0YzAiOnsiY3JlYXRlIjoxMjAwMDAwMDAwMDAwLCJyZWFkIjoxMjAwMDAwMDAwMDAwLCJ1cGRhdGUiOjEyMDAwMDAwMDAwMDB9LCJzY2hlbWFfdmVyc2lvbiI6IjMifQ==",
          "dependencies": [
            "module.aws_base.aws_iam_role.cross_account_role",
            "module.aws_base.aws_iam_role_policy.this",
            "module.aws_base.aws_s3_bucket.root_storage_bucket",
            "module.aws_base.aws_s3_bucket_policy.root_bucket_policy",
            "module.aws_base.aws_s3_bucket_public_access_block.root_storage_bucket",
            "module.aws_base.aws_s3_bucket_server_side_encryption_configuration.root_storage_bucket",
            "module.aws_base.aws_s3_bucket_versioning.versioning_example",
            "module.aws_base.data.aws_availability_zones.available",
            "module.aws_base.data.databricks_aws_assume_role_policy.this",
            "module.aws_base.data.databricks_aws_bucket_policy.this",
            "module.aws_base.data.databricks_aws_crossaccount_policy.this",
            "module.aws_base.module.vpc.aws_cloudwatch_log_group.flow_log",
            "module.aws_base.module.vpc.aws_customer_gateway.this",
            "module.aws_base.module.vpc.aws_db_subnet_group.database",
            "module.aws_base.module.vpc.aws_default_network_acl.this",
            "module.aws_base.module.vpc.aws_default_route_table.default",
            "module.aws_base.module.vpc.aws_default_security_group.this",
            "module.aws_base.module.vpc.aws_default_vpc.this",
            "module.aws_base.module.vpc.aws_egress_only_internet_gateway.this",
            "module.aws_base.module.vpc.aws_eip.nat",
            "module.aws_base.module.vpc.aws_elasticache_subnet_group.elasticache",
            "module.aws_base.module.vpc.aws_flow_log.this",
            "module.aws_base.module.vpc.aws_iam_policy.vpc_flow_log_cloudwatch",
            "module.aws_base.module.vpc.aws_iam_role.vpc_flow_log_cloudwatch",
            "module.aws_base.module.vpc.aws_iam_role_policy_attachment.vpc_flow_log_cloudwatch",
            "module.aws_base.module.vpc.aws_internet_gateway.this",
            "module.aws_base.module.vpc.aws_nat_gateway.this",
            "module.aws_base.module.vpc.aws_network_acl.database",
            "module.aws_base.module.vpc.aws_network_acl.elasticache",
            "module.aws_base.module.vpc.aws_network_acl.intra",
            "module.aws_base.module.vpc.aws_network_acl.outpost",
            "module.aws_base.module.vpc.aws_network_acl.private",
            "module.aws_base.module.vpc.aws_network_acl.public",
            "module.aws_base.module.vpc.aws_network_acl.redshift",
            "module.aws_base.module.vpc.aws_network_acl_rule.database_inbound",
            "module.aws_base.module.vpc.aws_network_acl_rule.database_outbound",
            "module.aws_base.module.vpc.aws_network_acl_rule.elasticache_inbound",
            "module.aws_base.module.vpc.aws_network_acl_rule.elasticache_outbound",
            "module.aws_base.module.vpc.aws_network_acl_rule.intra_inbound",
            "module.aws_base.module.vpc.aws_network_acl_rule.intra_outbound",
            "module.aws_base.module.vpc.aws_network_acl_rule.outpost_inbound",
            "module.aws_base.module.vpc.aws_network_acl_rule.outpost_outbound",
            "module.aws_base.module.vpc.aws_network_acl_rule.private_inbound",
            "module.aws_base.module.vpc.aws_network_acl_rule.private_outbound",
            "module.aws_base.module.vpc.aws_network_acl_rule.public_inbound",
            "module.aws_base.module.vpc.aws_network_acl_rule.public_outbound",
            "module.aws_base.module.vpc.aws_network_acl_rule.redshift_inbound",
            "module.aws_base.module.vpc.aws_network_acl_rule.redshift_outbound",
            "module.aws_base.module.vpc.aws_redshift_subnet_group.redshift",
            "module.aws_base.module.vpc.aws_route.database_internet_gateway",
            "module.aws_base.module.vpc.aws_route.database_ipv6_egress",
            "module.aws_base.module.vpc.aws_route.database_nat_gateway",
            "module.aws_base.module.vpc.aws_route.private_ipv6_egress",
            "module.aws_base.module.vpc.aws_route.private_nat_gateway",
            "module.aws_base.module.vpc.aws_route.public_internet_gateway",
            "module.aws_base.module.vpc.aws_route.public_internet_gateway_ipv6",
            "module.aws_base.module.vpc.aws_route_table.database",
            "module.aws_base.module.vpc.aws_route_table.elasticache",
            "module.aws_base.module.vpc.aws_route_table.intra",
            "module.aws_base.module.vpc.aws_route_table.private",
            "module.aws_base.module.vpc.aws_route_table.public",
            "module.aws_base.module.vpc.aws_route_table.redshift",
            "module.aws_base.module.vpc.aws_route_table_association.database",
            "module.aws_base.module.vpc.aws_route_table_association.elasticache",
            "module.aws_base.module.vpc.aws_route_table_association.intra",
            "module.aws_base.module.vpc.aws_route_table_association.outpost",
            "module.aws_base.module.vpc.aws_route_table_association.private",
            "module.aws_base.module.vpc.aws_route_table_association.public",
            "module.aws_base.module.vpc.aws_route_table_association.redshift",
            "module.aws_base.module.vpc.aws_route_table_association.redshift_public",
            "module.aws_base.module.vpc.aws_subnet.database",
            "module.aws_base.module.vpc.aws_subnet.elasticache",
            "module.aws_base.module.vpc.aws_subnet.intra",
            "module.aws_base.module.vpc.aws_subnet.outpost",
            "module.aws_base.module.vpc.aws_subnet.private",
            "module.aws_base.module.vpc.aws_subnet.public",
            "module.aws_base.module.vpc.aws_subnet.redshift",
            "module.aws_base.module.vpc.aws_vpc.this",
            "module.aws_base.module.vpc.aws_vpc_dhcp_options.this",
            "module.aws_base.module.vpc.aws_vpc_dhcp_options_association.this",
            "module.aws_base.module.vpc.aws_vpc_ipv4_cidr_block_association.this",
            "module.aws_base.module.vpc.aws_vpn_gateway.this",
            "module.aws_base.module.vpc.aws_vpn_gateway_attachment.this",
            "module.aws_base.module.vpc.aws_vpn_gateway_route_propagation.intra",
            "module.aws_base.module.vpc.aws_vpn_gateway_route_propagation.private",
            "module.aws_base.module.vpc.aws_vpn_gateway_route_propagation.public",
            "module.aws_base.module.vpc.data.aws_iam_policy_document.flow_log_cloudwatch_assume_role",
            "module.aws_base.module.vpc.data.aws_iam_policy_document.vpc_flow_log_cloudwatch",
            "module.aws_base.module.vpc_endpoints.aws_vpc_endpoint.this",
            "module.aws_base.module.vpc_endpoints.data.aws_vpc_endpoint_service.this",
            "module.databricks_workspace.databricks_mws_credentials.this",
            "module.databricks_workspace.databricks_mws_networks.this",
            "module.databricks_workspace.databricks_mws_storage_configurations.this",
            "time_sleep.wait"
          ]
        }
      ]
    },
    {
      "module": "module.unity_catalog",
      "mode": "managed",
      "type": "databricks_metastore",
      "name": "this",
      "provider": "provider[\"registry.terraform.io/databricks/databricks\"].mws",
      "instances": [
        {
          "schema_version": 0,
          "attributes": {
            "cloud": "aws",
            "created_at": 1710710713582,
            "created_by": "e79bf1d7-30d6-4a52-a237-bd5c1034b4c8",
            "default_data_access_config_id": null,
            "delta_sharing_organization_name": null,
            "delta_sharing_recipient_token_lifetime_in_seconds": 0,
            "delta_sharing_scope": "INTERNAL",
            "force_destroy": true,
            "global_metastore_id": "aws:us-west-1:cf1c5f33-ee76-4acf-999f-fa40ab75d756",
            "id": "cf1c5f33-ee76-4acf-999f-fa40ab75d756",
            "metastore_id": "cf1c5f33-ee76-4acf-999f-fa40ab75d756",
            "name": "aht-demo-modularized-metastore",
            "owner": "aht-demo-modularized-swamp-donks",
            "region": "us-west-1",
            "storage_root": null,
            "storage_root_credential_id": null,
            "updated_at": 1710710714250,
            "updated_by": "e79bf1d7-30d6-4a52-a237-bd5c1034b4c8"
          },
          "sensitive_attributes": [],
          "private": "bnVsbA==",
          "dependencies": [
            "databricks_group.admin_group"
          ]
        }
      ]
    },
    {
      "module": "module.unity_catalog",
      "mode": "managed",
      "type": "databricks_metastore_assignment",
      "name": "default_metastore",
      "provider": "provider[\"registry.terraform.io/databricks/databricks\"].mws",
      "instances": [
        {
          "index_key": 0,
          "schema_version": 0,
          "attributes": {
            "default_catalog_name": "hive_metastore",
            "id": "4999017974145740|cf1c5f33-ee76-4acf-999f-fa40ab75d756",
            "metastore_id": "cf1c5f33-ee76-4acf-999f-fa40ab75d756",
            "workspace_id": 4999017974145740
          },
          "sensitive_attributes": [],
          "private": "bnVsbA==",
          "dependencies": [
            "databricks_group.admin_group",
            "module.aws_base.aws_iam_role.cross_account_role",
            "module.aws_base.aws_iam_role_policy.this",
            "module.aws_base.aws_s3_bucket.root_storage_bucket",
            "module.aws_base.aws_s3_bucket_policy.root_bucket_policy",
            "module.aws_base.aws_s3_bucket_public_access_block.root_storage_bucket",
            "module.aws_base.aws_s3_bucket_server_side_encryption_configuration.root_storage_bucket",
            "module.aws_base.aws_s3_bucket_versioning.versioning_example",
            "module.aws_base.data.aws_availability_zones.available",
            "module.aws_base.data.databricks_aws_assume_role_policy.this",
            "module.aws_base.data.databricks_aws_bucket_policy.this",
            "module.aws_base.data.databricks_aws_crossaccount_policy.this",
            "module.aws_base.module.vpc.aws_cloudwatch_log_group.flow_log",
            "module.aws_base.module.vpc.aws_customer_gateway.this",
            "module.aws_base.module.vpc.aws_db_subnet_group.database",
            "module.aws_base.module.vpc.aws_default_network_acl.this",
            "module.aws_base.module.vpc.aws_default_route_table.default",
            "module.aws_base.module.vpc.aws_default_security_group.this",
            "module.aws_base.module.vpc.aws_default_vpc.this",
            "module.aws_base.module.vpc.aws_egress_only_internet_gateway.this",
            "module.aws_base.module.vpc.aws_eip.nat",
            "module.aws_base.module.vpc.aws_elasticache_subnet_group.elasticache",
            "module.aws_base.module.vpc.aws_flow_log.this",
            "module.aws_base.module.vpc.aws_iam_policy.vpc_flow_log_cloudwatch",
            "module.aws_base.module.vpc.aws_iam_role.vpc_flow_log_cloudwatch",
            "module.aws_base.module.vpc.aws_iam_role_policy_attachment.vpc_flow_log_cloudwatch",
            "module.aws_base.module.vpc.aws_internet_gateway.this",
            "module.aws_base.module.vpc.aws_nat_gateway.this",
            "module.aws_base.module.vpc.aws_network_acl.database",
            "module.aws_base.module.vpc.aws_network_acl.elasticache",
            "module.aws_base.module.vpc.aws_network_acl.intra",
            "module.aws_base.module.vpc.aws_network_acl.outpost",
            "module.aws_base.module.vpc.aws_network_acl.private",
            "module.aws_base.module.vpc.aws_network_acl.public",
            "module.aws_base.module.vpc.aws_network_acl.redshift",
            "module.aws_base.module.vpc.aws_network_acl_rule.database_inbound",
            "module.aws_base.module.vpc.aws_network_acl_rule.database_outbound",
            "module.aws_base.module.vpc.aws_network_acl_rule.elasticache_inbound",
            "module.aws_base.module.vpc.aws_network_acl_rule.elasticache_outbound",
            "module.aws_base.module.vpc.aws_network_acl_rule.intra_inbound",
            "module.aws_base.module.vpc.aws_network_acl_rule.intra_outbound",
            "module.aws_base.module.vpc.aws_network_acl_rule.outpost_inbound",
            "module.aws_base.module.vpc.aws_network_acl_rule.outpost_outbound",
            "module.aws_base.module.vpc.aws_network_acl_rule.private_inbound",
            "module.aws_base.module.vpc.aws_network_acl_rule.private_outbound",
            "module.aws_base.module.vpc.aws_network_acl_rule.public_inbound",
            "module.aws_base.module.vpc.aws_network_acl_rule.public_outbound",
            "module.aws_base.module.vpc.aws_network_acl_rule.redshift_inbound",
            "module.aws_base.module.vpc.aws_network_acl_rule.redshift_outbound",
            "module.aws_base.module.vpc.aws_redshift_subnet_group.redshift",
            "module.aws_base.module.vpc.aws_route.database_internet_gateway",
            "module.aws_base.module.vpc.aws_route.database_ipv6_egress",
            "module.aws_base.module.vpc.aws_route.database_nat_gateway",
            "module.aws_base.module.vpc.aws_route.private_ipv6_egress",
            "module.aws_base.module.vpc.aws_route.private_nat_gateway",
            "module.aws_base.module.vpc.aws_route.public_internet_gateway",
            "module.aws_base.module.vpc.aws_route.public_internet_gateway_ipv6",
            "module.aws_base.module.vpc.aws_route_table.database",
            "module.aws_base.module.vpc.aws_route_table.elasticache",
            "module.aws_base.module.vpc.aws_route_table.intra",
            "module.aws_base.module.vpc.aws_route_table.private",
            "module.aws_base.module.vpc.aws_route_table.public",
            "module.aws_base.module.vpc.aws_route_table.redshift",
            "module.aws_base.module.vpc.aws_route_table_association.database",
            "module.aws_base.module.vpc.aws_route_table_association.elasticache",
            "module.aws_base.module.vpc.aws_route_table_association.intra",
            "module.aws_base.module.vpc.aws_route_table_association.outpost",
            "module.aws_base.module.vpc.aws_route_table_association.private",
            "module.aws_base.module.vpc.aws_route_table_association.public",
            "module.aws_base.module.vpc.aws_route_table_association.redshift",
            "module.aws_base.module.vpc.aws_route_table_association.redshift_public",
            "module.aws_base.module.vpc.aws_subnet.database",
            "module.aws_base.module.vpc.aws_subnet.elasticache",
            "module.aws_base.module.vpc.aws_subnet.intra",
            "module.aws_base.module.vpc.aws_subnet.outpost",
            "module.aws_base.module.vpc.aws_subnet.private",
            "module.aws_base.module.vpc.aws_subnet.public",
            "module.aws_base.module.vpc.aws_subnet.redshift",
            "module.aws_base.module.vpc.aws_vpc.this",
            "module.aws_base.module.vpc.aws_vpc_dhcp_options.this",
            "module.aws_base.module.vpc.aws_vpc_dhcp_options_association.this",
            "module.aws_base.module.vpc.aws_vpc_ipv4_cidr_block_association.this",
            "module.aws_base.module.vpc.aws_vpn_gateway.this",
            "module.aws_base.module.vpc.aws_vpn_gateway_attachment.this",
            "module.aws_base.module.vpc.aws_vpn_gateway_route_propagation.intra",
            "module.aws_base.module.vpc.aws_vpn_gateway_route_propagation.private",
            "module.aws_base.module.vpc.aws_vpn_gateway_route_propagation.public",
            "module.aws_base.module.vpc.data.aws_iam_policy_document.flow_log_cloudwatch_assume_role",
            "module.aws_base.module.vpc.data.aws_iam_policy_document.vpc_flow_log_cloudwatch",
            "module.aws_base.module.vpc_endpoints.aws_vpc_endpoint.this",
            "module.aws_base.module.vpc_endpoints.data.aws_vpc_endpoint_service.this",
            "module.databricks_workspace.databricks_mws_credentials.this",
            "module.databricks_workspace.databricks_mws_networks.this",
            "module.databricks_workspace.databricks_mws_storage_configurations.this",
            "module.databricks_workspace.databricks_mws_workspaces.this",
            "module.unity_catalog.databricks_metastore.this",
            "time_sleep.wait"
          ]
        }
      ]
    },
    {
      "module": "module.unity_catalog",
      "mode": "managed",
      "type": "time_sleep",
      "name": "wait_role_creation",
      "provider": "provider[\"registry.terraform.io/hashicorp/time\"]",
      "instances": [
        {
          "schema_version": 0,
          "attributes": {
            "create_duration": "20s",
            "destroy_duration": null,
            "id": "2024-03-17T21:25:34Z",
            "triggers": null
          },
          "sensitive_attributes": [],
          "dependencies": [
            "databricks_group.admin_group",
            "module.unity_catalog.databricks_metastore.this"
          ]
        }
      ]
    }
  ],
  "check_results": null
}
